// !$*UTF8*$!
{
	archiveVersion = 1;
	classes = {
	};
	objectVersion = 50;
	objects = {

/* Begin PBXBuildFile section */
		7A0097A72294F97F00AD79DE /* AppDelegate.m in Sources */ = {isa = PBXBuildFile; fileRef = 7A0097A62294F97F00AD79DE /* AppDelegate.m */; };
		7A0097AD2294F97F00AD79DE /* Main.storyboard in Resources */ = {isa = PBXBuildFile; fileRef = 7A0097AB2294F97F00AD79DE /* Main.storyboard */; };
		7A0097AF2294F98100AD79DE /* Assets.xcassets in Resources */ = {isa = PBXBuildFile; fileRef = 7A0097AE2294F98100AD79DE /* Assets.xcassets */; };
		7A0097B22294F98100AD79DE /* LaunchScreen.storyboard in Resources */ = {isa = PBXBuildFile; fileRef = 7A0097B02294F98100AD79DE /* LaunchScreen.storyboard */; };
		7A0097B52294F98100AD79DE /* main.m in Sources */ = {isa = PBXBuildFile; fileRef = 7A0097B42294F98100AD79DE /* main.m */; };
		7A0097BF2294F98100AD79DE /* ZLeadTests.m in Sources */ = {isa = PBXBuildFile; fileRef = 7A0097BE2294F98100AD79DE /* ZLeadTests.m */; };
		7A0097CA2294F98100AD79DE /* ZLeadUITests.m in Sources */ = {isa = PBXBuildFile; fileRef = 7A0097C92294F98100AD79DE /* ZLeadUITests.m */; };
		7A0097DC22951E1700AD79DE /* ZLBaseViewController.m in Sources */ = {isa = PBXBuildFile; fileRef = 7A0097DB22951E1700AD79DE /* ZLBaseViewController.m */; };
		7A0097FA229524AD00AD79DE /* ZLDataVC.m in Sources */ = {isa = PBXBuildFile; fileRef = 7A0097F9229524AD00AD79DE /* ZLDataVC.m */; };
		7A0097FD2295268000AD79DE /* ZLPersonalVC.m in Sources */ = {isa = PBXBuildFile; fileRef = 7A0097FC2295268000AD79DE /* ZLPersonalVC.m */; };
		7A0098032295270B00AD79DE /* ZLNavigationController.m in Sources */ = {isa = PBXBuildFile; fileRef = 7A0098022295270B00AD79DE /* ZLNavigationController.m */; };
		7A00980622952EAD00AD79DE /* ZLTabBarViewController.m in Sources */ = {isa = PBXBuildFile; fileRef = 7A00980522952EAD00AD79DE /* ZLTabBarViewController.m */; };
		7A00980B22955ACB00AD79DE /* ZLConfig.m in Sources */ = {isa = PBXBuildFile; fileRef = 7A00980A22955ACB00AD79DE /* ZLConfig.m */; };
		7A00980E22955C2400AD79DE /* ZLTabBarController.m in Sources */ = {isa = PBXBuildFile; fileRef = 7A00980D22955C2400AD79DE /* ZLTabBarController.m */; };
		7A488A652298E3B300069483 /* CustomTextField.m in Sources */ = {isa = PBXBuildFile; fileRef = 7A488A642298E3B300069483 /* CustomTextField.m */; };
		7A488A6B2298F49800069483 /* ZLInputView.m in Sources */ = {isa = PBXBuildFile; fileRef = 7A488A6A2298F49800069483 /* ZLInputView.m */; };
		7A9D682A2296680F0024DF3A /* URLManager.m in Sources */ = {isa = PBXBuildFile; fileRef = 7A9D68292296680F0024DF3A /* URLManager.m */; };
		7A9D682D229679AE0024DF3A /* NetManager.m in Sources */ = {isa = PBXBuildFile; fileRef = 7A9D682B229679AE0024DF3A /* NetManager.m */; };
		7A9D683022967BB80024DF3A /* ZLShopVC.m in Sources */ = {isa = PBXBuildFile; fileRef = 7A9D682F22967BB80024DF3A /* ZLShopVC.m */; };
		7A9D683322967BDC0024DF3A /* ZLGoodsVC.m in Sources */ = {isa = PBXBuildFile; fileRef = 7A9D683222967BDC0024DF3A /* ZLGoodsVC.m */; };
		7A9D683B229683000024DF3A /* RemindView.m in Sources */ = {isa = PBXBuildFile; fileRef = 7A9D683A229683000024DF3A /* RemindView.m */; };
		7A9D683E229683DE0024DF3A /* NSObject+HUD.m in Sources */ = {isa = PBXBuildFile; fileRef = 7A9D683D229683DE0024DF3A /* NSObject+HUD.m */; };
		7A9D6841229688040024DF3A /* ZLLoginVC.m in Sources */ = {isa = PBXBuildFile; fileRef = 7A9D6840229688040024DF3A /* ZLLoginVC.m */; };
		7A9D684C229689D80024DF3A /* GeneralTableViewDelegate.m in Sources */ = {isa = PBXBuildFile; fileRef = 7A9D6847229689D70024DF3A /* GeneralTableViewDelegate.m */; };
		7A9D684D229689D80024DF3A /* ZLEmptyDataView.m in Sources */ = {isa = PBXBuildFile; fileRef = 7A9D6848229689D80024DF3A /* ZLEmptyDataView.m */; };
		7A9D684E229689D80024DF3A /* GeneralTableView.m in Sources */ = {isa = PBXBuildFile; fileRef = 7A9D6849229689D80024DF3A /* GeneralTableView.m */; };
		7A9D68512296983B0024DF3A /* ZLLoginView.m in Sources */ = {isa = PBXBuildFile; fileRef = 7A9D68502296983B0024DF3A /* ZLLoginView.m */; };
		7A9D6854229699BB0024DF3A /* ZLLoginViewModel.m in Sources */ = {isa = PBXBuildFile; fileRef = 7A9D6853229699BB0024DF3A /* ZLLoginViewModel.m */; };
		7A9D68582296A0680024DF3A /* UIColor+Func.m in Sources */ = {isa = PBXBuildFile; fileRef = 7A9D68572296A0680024DF3A /* UIColor+Func.m */; };
		7AB6D8B5229F768500AFDCF0 /* ZLAddInfoView.m in Sources */ = {isa = PBXBuildFile; fileRef = 7AB6D8B4229F768500AFDCF0 /* ZLAddInfoView.m */; };
		7AC903BB229D1F830036AD68 /* NSString+Function.m in Sources */ = {isa = PBXBuildFile; fileRef = 7AC903BA229D1F830036AD68 /* NSString+Function.m */; };
		7AC903BE229D425C0036AD68 /* ZLSetPasswordVC.m in Sources */ = {isa = PBXBuildFile; fileRef = 7AC903BD229D425C0036AD68 /* ZLSetPasswordVC.m */; };
		7AFD07E6229E7ACC0093091C /* ZLLoginNetManager.m in Sources */ = {isa = PBXBuildFile; fileRef = 7AFD07E5229E7ACC0093091C /* ZLLoginNetManager.m */; };
		7AFD07E9229E7F040093091C /* NSDictionary+Function.m in Sources */ = {isa = PBXBuildFile; fileRef = 7AFD07E8229E7F040093091C /* NSDictionary+Function.m */; };
		7AFD07EC229EA0F90093091C /* ZLAddShopInfoVC.m in Sources */ = {isa = PBXBuildFile; fileRef = 7AFD07EB229EA0F90093091C /* ZLAddShopInfoVC.m */; };
		9FB42ABF0BA8A97B989DAC14 /* libPods-ZLead.a in Frameworks */ = {isa = PBXBuildFile; fileRef = F7BD921763FC6637F355F260 /* libPods-ZLead.a */; };
		E2223B36229EB59F00C8547C /* ZLOrderListCell.m in Sources */ = {isa = PBXBuildFile; fileRef = E2223B35229EB59F00C8547C /* ZLOrderListCell.m */; };
		E2223B39229FAD8D00C8547C /* ZLOrderManageView.m in Sources */ = {isa = PBXBuildFile; fileRef = E2223B38229FAD8D00C8547C /* ZLOrderManageView.m */; };
		E2223B3F229FC57C00C8547C /* ZLSegmentTitleView.m in Sources */ = {isa = PBXBuildFile; fileRef = E2223B3D229FC57C00C8547C /* ZLSegmentTitleView.m */; };
		E2223B40229FC57C00C8547C /* ZLScrollContentView.m in Sources */ = {isa = PBXBuildFile; fileRef = E2223B3E229FC57C00C8547C /* ZLScrollContentView.m */; };
		E2223B43229FC66600C8547C /* ZLOrderListVC.m in Sources */ = {isa = PBXBuildFile; fileRef = E2223B42229FC66600C8547C /* ZLOrderListVC.m */; };
		E265DFD9229B8DAC00842DD0 /* ZLOrderManageVC.m in Sources */ = {isa = PBXBuildFile; fileRef = E265DFD8229B8DAC00842DD0 /* ZLOrderManageVC.m */; };
		E265DFDC229B8E8A00842DD0 /* ZLMakeOrderVC.m in Sources */ = {isa = PBXBuildFile; fileRef = E265DFDB229B8E8A00842DD0 /* ZLMakeOrderVC.m */; };
		E265DFDF229B8EBD00842DD0 /* ZLOfflinePaymentVC.m in Sources */ = {isa = PBXBuildFile; fileRef = E265DFDE229B8EBD00842DD0 /* ZLOfflinePaymentVC.m */; };
		E265DFE2229B901900842DD0 /* ZLShopManagerNoteVC.m in Sources */ = {isa = PBXBuildFile; fileRef = E265DFE1229B901900842DD0 /* ZLShopManagerNoteVC.m */; };
		E265DFE6229B953300842DD0 /* ZLMarqueeView.m in Sources */ = {isa = PBXBuildFile; fileRef = E265DFE5229B953300842DD0 /* ZLMarqueeView.m */; };
		E265DFE9229B955200842DD0 /* UIView+Addition.m in Sources */ = {isa = PBXBuildFile; fileRef = E265DFE8229B955200842DD0 /* UIView+Addition.m */; };
		E265DFEC229BF70000842DD0 /* ZLShoppingCartView.m in Sources */ = {isa = PBXBuildFile; fileRef = E265DFEB229BF70000842DD0 /* ZLShoppingCartView.m */; };
		E265DFF0229CE00800842DD0 /* UIView+Size.m in Sources */ = {isa = PBXBuildFile; fileRef = E265DFEF229CE00800842DD0 /* UIView+Size.m */; };
		E265DFF3229CE1D500842DD0 /* ZLShoppingCartCell.m in Sources */ = {isa = PBXBuildFile; fileRef = E265DFF2229CE1D500842DD0 /* ZLShoppingCartCell.m */; };
		E265DFF6229CE80D00842DD0 /* ZLGoodsTypeSelectedView.m in Sources */ = {isa = PBXBuildFile; fileRef = E265DFF5229CE80D00842DD0 /* ZLGoodsTypeSelectedView.m */; };
		E265DFF9229CEA0600842DD0 /* ZLMakeOrderView.m in Sources */ = {isa = PBXBuildFile; fileRef = E265DFF8229CEA0600842DD0 /* ZLMakeOrderView.m */; };
		E265DFFC229D121A00842DD0 /* ZLGoodsBillVC.m in Sources */ = {isa = PBXBuildFile; fileRef = E265DFFB229D121A00842DD0 /* ZLGoodsBillVC.m */; };
		E265DFFF229D123A00842DD0 /* ZLGoodsBillView.m in Sources */ = {isa = PBXBuildFile; fileRef = E265DFFE229D123A00842DD0 /* ZLGoodsBillView.m */; };
		E265E002229D16C200842DD0 /* ZLShopGoodsModel.m in Sources */ = {isa = PBXBuildFile; fileRef = E265E001229D16C200842DD0 /* ZLShopGoodsModel.m */; };
		E265E005229D238F00842DD0 /* ZLGoodsBillCell.m in Sources */ = {isa = PBXBuildFile; fileRef = E265E004229D238F00842DD0 /* ZLGoodsBillCell.m */; };
		E265E008229D37AA00842DD0 /* ZLPaymentMethodCell.m in Sources */ = {isa = PBXBuildFile; fileRef = E265E007229D37AA00842DD0 /* ZLPaymentMethodCell.m */; };
		E265E00E229D4CF700842DD0 /* ZLPaymentMethodSectionHeaderView.m in Sources */ = {isa = PBXBuildFile; fileRef = E265E00D229D4CF700842DD0 /* ZLPaymentMethodSectionHeaderView.m */; };
		E265E011229E4F4800842DD0 /* ZLOfflinePaymentView.m in Sources */ = {isa = PBXBuildFile; fileRef = E265E010229E4F4800842DD0 /* ZLOfflinePaymentView.m */; };
		E265E014229E514200842DD0 /* ZLPaymentAmountCell.m in Sources */ = {isa = PBXBuildFile; fileRef = E265E013229E514200842DD0 /* ZLPaymentAmountCell.m */; };
		E265E017229E519400842DD0 /* ZLZLPaymentNoteCell.m in Sources */ = {isa = PBXBuildFile; fileRef = E265E016229E519400842DD0 /* ZLZLPaymentNoteCell.m */; };
		E265E01A229EA0F500842DD0 /* ZLShopGoodsSearchBarView.m in Sources */ = {isa = PBXBuildFile; fileRef = E265E019229EA0F500842DD0 /* ZLShopGoodsSearchBarView.m */; };
		E2802B4D229906FB004AF4B8 /* ZLShopTurnoverView.m in Sources */ = {isa = PBXBuildFile; fileRef = E2802B4C229906FB004AF4B8 /* ZLShopTurnoverView.m */; };
		E2802B532299154D004AF4B8 /* ZLBaseCell.m in Sources */ = {isa = PBXBuildFile; fileRef = E2802B522299154D004AF4B8 /* ZLBaseCell.m */; };
		E2802B5622991597004AF4B8 /* ZLShopBusinessMenuCell.m in Sources */ = {isa = PBXBuildFile; fileRef = E2802B5522991597004AF4B8 /* ZLShopBusinessMenuCell.m */; };
		E2802B5922991CC7004AF4B8 /* ZLShopManagerNoteCell.m in Sources */ = {isa = PBXBuildFile; fileRef = E2802B5822991CC7004AF4B8 /* ZLShopManagerNoteCell.m */; };
		E2802B5C22992F53004AF4B8 /* ZLShopTopView.m in Sources */ = {isa = PBXBuildFile; fileRef = E2802B5B22992F53004AF4B8 /* ZLShopTopView.m */; };
		E2802B5F22993555004AF4B8 /* ZLShopListCell.m in Sources */ = {isa = PBXBuildFile; fileRef = E2802B5E22993555004AF4B8 /* ZLShopListCell.m */; };
		E2802B6222993CA7004AF4B8 /* ZLShopListVC.m in Sources */ = {isa = PBXBuildFile; fileRef = E2802B6122993CA7004AF4B8 /* ZLShopListVC.m */; };
		E832D6F9229E51CD00D0ED7F /* ZLPerListView.m in Sources */ = {isa = PBXBuildFile; fileRef = E832D6F4229E51CD00D0ED7F /* ZLPerListView.m */; };
		E832D6FA229E51CD00D0ED7F /* ZLPerShareView.m in Sources */ = {isa = PBXBuildFile; fileRef = E832D6F6229E51CD00D0ED7F /* ZLPerShareView.m */; };
		E832D6FB229E51CD00D0ED7F /* ZLPerHeaderView.m in Sources */ = {isa = PBXBuildFile; fileRef = E832D6F7229E51CD00D0ED7F /* ZLPerHeaderView.m */; };
		E832D6FC229E51CD00D0ED7F /* ZLPerButtonView.m in Sources */ = {isa = PBXBuildFile; fileRef = E832D6F8229E51CD00D0ED7F /* ZLPerButtonView.m */; };
		E832D707229E51EC00D0ED7F /* ZLPerWithdrawVC.m in Sources */ = {isa = PBXBuildFile; fileRef = E832D6FF229E51EB00D0ED7F /* ZLPerWithdrawVC.m */; };
		E832D708229E51EC00D0ED7F /* ZLPerAccountVC.m in Sources */ = {isa = PBXBuildFile; fileRef = E832D700229E51EB00D0ED7F /* ZLPerAccountVC.m */; };
		E832D709229E51EC00D0ED7F /* ZLAddStoreVC.m in Sources */ = {isa = PBXBuildFile; fileRef = E832D703229E51EB00D0ED7F /* ZLAddStoreVC.m */; };
		E832D70A229E51EC00D0ED7F /* ZLPerAccountOfWithdrawVC.m in Sources */ = {isa = PBXBuildFile; fileRef = E832D704229E51EB00D0ED7F /* ZLPerAccountOfWithdrawVC.m */; };
		E832D710229E521100D0ED7F /* ZLSetWechatVC.m in Sources */ = {isa = PBXBuildFile; fileRef = E832D70E229E521100D0ED7F /* ZLSetWechatVC.m */; };
		E832D711229E521100D0ED7F /* ZLAddBankCardVC.m in Sources */ = {isa = PBXBuildFile; fileRef = E832D70F229E521100D0ED7F /* ZLAddBankCardVC.m */; };
		E832D717229E6FB300D0ED7F /* ZLMsgCenterVC.m in Sources */ = {isa = PBXBuildFile; fileRef = E832D715229E6FB300D0ED7F /* ZLMsgCenterVC.m */; };
		E832D71B229E715100D0ED7F /* UIImage+ZL.m in Sources */ = {isa = PBXBuildFile; fileRef = E832D71A229E715100D0ED7F /* UIImage+ZL.m */; };
		E832D753229FB30900D0ED7F /* ZLGoodsHeaderView.m in Sources */ = {isa = PBXBuildFile; fileRef = E832D752229FB30900D0ED7F /* ZLGoodsHeaderView.m */; };
		E832D756229FBA3E00D0ED7F /* ZLGoodsListCell.m in Sources */ = {isa = PBXBuildFile; fileRef = E832D755229FBA3E00D0ED7F /* ZLGoodsListCell.m */; };
		E832D759229FC99D00D0ED7F /* ZLGoodsSearchVC.m in Sources */ = {isa = PBXBuildFile; fileRef = E832D758229FC99D00D0ED7F /* ZLGoodsSearchVC.m */; };
/* End PBXBuildFile section */

/* Begin PBXContainerItemProxy section */
		7A0097BB2294F98100AD79DE /* PBXContainerItemProxy */ = {
			isa = PBXContainerItemProxy;
			containerPortal = 7A00979A2294F97F00AD79DE /* Project object */;
			proxyType = 1;
			remoteGlobalIDString = 7A0097A12294F97F00AD79DE;
			remoteInfo = ZLead;
		};
		7A0097C62294F98100AD79DE /* PBXContainerItemProxy */ = {
			isa = PBXContainerItemProxy;
			containerPortal = 7A00979A2294F97F00AD79DE /* Project object */;
			proxyType = 1;
			remoteGlobalIDString = 7A0097A12294F97F00AD79DE;
			remoteInfo = ZLead;
		};
/* End PBXContainerItemProxy section */

/* Begin PBXFileReference section */
		6626CE871ED07547028D28E4 /* Pods-ZLead.release.xcconfig */ = {isa = PBXFileReference; includeInIndex = 1; lastKnownFileType = text.xcconfig; name = "Pods-ZLead.release.xcconfig"; path = "Pods/Target Support Files/Pods-ZLead/Pods-ZLead.release.xcconfig"; sourceTree = "<group>"; };
		7A0097A22294F97F00AD79DE /* ZLead.app */ = {isa = PBXFileReference; explicitFileType = wrapper.application; includeInIndex = 0; path = ZLead.app; sourceTree = BUILT_PRODUCTS_DIR; };
		7A0097A52294F97F00AD79DE /* AppDelegate.h */ = {isa = PBXFileReference; lastKnownFileType = sourcecode.c.h; path = AppDelegate.h; sourceTree = "<group>"; };
		7A0097A62294F97F00AD79DE /* AppDelegate.m */ = {isa = PBXFileReference; lastKnownFileType = sourcecode.c.objc; path = AppDelegate.m; sourceTree = "<group>"; };
		7A0097AC2294F97F00AD79DE /* Base */ = {isa = PBXFileReference; lastKnownFileType = file.storyboard; name = Base; path = Base.lproj/Main.storyboard; sourceTree = "<group>"; };
		7A0097AE2294F98100AD79DE /* Assets.xcassets */ = {isa = PBXFileReference; lastKnownFileType = folder.assetcatalog; path = Assets.xcassets; sourceTree = "<group>"; };
		7A0097B12294F98100AD79DE /* Base */ = {isa = PBXFileReference; lastKnownFileType = file.storyboard; name = Base; path = Base.lproj/LaunchScreen.storyboard; sourceTree = "<group>"; };
		7A0097B32294F98100AD79DE /* Info.plist */ = {isa = PBXFileReference; lastKnownFileType = text.plist.xml; path = Info.plist; sourceTree = "<group>"; };
		7A0097B42294F98100AD79DE /* main.m */ = {isa = PBXFileReference; lastKnownFileType = sourcecode.c.objc; path = main.m; sourceTree = "<group>"; };
		7A0097BA2294F98100AD79DE /* ZLeadTests.xctest */ = {isa = PBXFileReference; explicitFileType = wrapper.cfbundle; includeInIndex = 0; path = ZLeadTests.xctest; sourceTree = BUILT_PRODUCTS_DIR; };
		7A0097BE2294F98100AD79DE /* ZLeadTests.m */ = {isa = PBXFileReference; lastKnownFileType = sourcecode.c.objc; path = ZLeadTests.m; sourceTree = "<group>"; };
		7A0097C02294F98100AD79DE /* Info.plist */ = {isa = PBXFileReference; lastKnownFileType = text.plist.xml; path = Info.plist; sourceTree = "<group>"; };
		7A0097C52294F98100AD79DE /* ZLeadUITests.xctest */ = {isa = PBXFileReference; explicitFileType = wrapper.cfbundle; includeInIndex = 0; path = ZLeadUITests.xctest; sourceTree = BUILT_PRODUCTS_DIR; };
		7A0097C92294F98100AD79DE /* ZLeadUITests.m */ = {isa = PBXFileReference; lastKnownFileType = sourcecode.c.objc; path = ZLeadUITests.m; sourceTree = "<group>"; };
		7A0097CB2294F98100AD79DE /* Info.plist */ = {isa = PBXFileReference; lastKnownFileType = text.plist.xml; path = Info.plist; sourceTree = "<group>"; };
		7A0097DA22951E1700AD79DE /* ZLBaseViewController.h */ = {isa = PBXFileReference; lastKnownFileType = sourcecode.c.h; path = ZLBaseViewController.h; sourceTree = "<group>"; };
		7A0097DB22951E1700AD79DE /* ZLBaseViewController.m */ = {isa = PBXFileReference; lastKnownFileType = sourcecode.c.objc; path = ZLBaseViewController.m; sourceTree = "<group>"; };
		7A0097F8229524AD00AD79DE /* ZLDataVC.h */ = {isa = PBXFileReference; lastKnownFileType = sourcecode.c.h; path = ZLDataVC.h; sourceTree = "<group>"; };
		7A0097F9229524AD00AD79DE /* ZLDataVC.m */ = {isa = PBXFileReference; lastKnownFileType = sourcecode.c.objc; path = ZLDataVC.m; sourceTree = "<group>"; };
		7A0097FB2295268000AD79DE /* ZLPersonalVC.h */ = {isa = PBXFileReference; lastKnownFileType = sourcecode.c.h; path = ZLPersonalVC.h; sourceTree = "<group>"; };
		7A0097FC2295268000AD79DE /* ZLPersonalVC.m */ = {isa = PBXFileReference; lastKnownFileType = sourcecode.c.objc; path = ZLPersonalVC.m; sourceTree = "<group>"; };
		7A0098012295270B00AD79DE /* ZLNavigationController.h */ = {isa = PBXFileReference; lastKnownFileType = sourcecode.c.h; path = ZLNavigationController.h; sourceTree = "<group>"; };
		7A0098022295270B00AD79DE /* ZLNavigationController.m */ = {isa = PBXFileReference; lastKnownFileType = sourcecode.c.objc; path = ZLNavigationController.m; sourceTree = "<group>"; };
		7A00980422952EAD00AD79DE /* ZLTabBarViewController.h */ = {isa = PBXFileReference; lastKnownFileType = sourcecode.c.h; path = ZLTabBarViewController.h; sourceTree = "<group>"; };
		7A00980522952EAD00AD79DE /* ZLTabBarViewController.m */ = {isa = PBXFileReference; lastKnownFileType = sourcecode.c.objc; path = ZLTabBarViewController.m; sourceTree = "<group>"; };
		7A0098072295319F00AD79DE /* ZLeadPch.pch */ = {isa = PBXFileReference; lastKnownFileType = sourcecode.c.h; path = ZLeadPch.pch; sourceTree = "<group>"; };
		7A009808229532DA00AD79DE /* SizeManager.h */ = {isa = PBXFileReference; lastKnownFileType = sourcecode.c.h; path = SizeManager.h; sourceTree = "<group>"; };
		7A00980922955ACB00AD79DE /* ZLConfig.h */ = {isa = PBXFileReference; lastKnownFileType = sourcecode.c.h; path = ZLConfig.h; sourceTree = "<group>"; };
		7A00980A22955ACB00AD79DE /* ZLConfig.m */ = {isa = PBXFileReference; lastKnownFileType = sourcecode.c.objc; path = ZLConfig.m; sourceTree = "<group>"; };
		7A00980C22955C2400AD79DE /* ZLTabBarController.h */ = {isa = PBXFileReference; lastKnownFileType = sourcecode.c.h; path = ZLTabBarController.h; sourceTree = "<group>"; };
		7A00980D22955C2400AD79DE /* ZLTabBarController.m */ = {isa = PBXFileReference; lastKnownFileType = sourcecode.c.objc; path = ZLTabBarController.m; sourceTree = "<group>"; };
		7A488A632298E3B200069483 /* CustomTextField.h */ = {isa = PBXFileReference; fileEncoding = 4; lastKnownFileType = sourcecode.c.h; path = CustomTextField.h; sourceTree = "<group>"; };
		7A488A642298E3B300069483 /* CustomTextField.m */ = {isa = PBXFileReference; fileEncoding = 4; lastKnownFileType = sourcecode.c.objc; path = CustomTextField.m; sourceTree = "<group>"; };
		7A488A692298F49800069483 /* ZLInputView.h */ = {isa = PBXFileReference; lastKnownFileType = sourcecode.c.h; path = ZLInputView.h; sourceTree = "<group>"; };
		7A488A6A2298F49800069483 /* ZLInputView.m */ = {isa = PBXFileReference; lastKnownFileType = sourcecode.c.objc; path = ZLInputView.m; sourceTree = "<group>"; };
		7A9D68282296680F0024DF3A /* URLManager.h */ = {isa = PBXFileReference; lastKnownFileType = sourcecode.c.h; path = URLManager.h; sourceTree = "<group>"; };
		7A9D68292296680F0024DF3A /* URLManager.m */ = {isa = PBXFileReference; lastKnownFileType = sourcecode.c.objc; path = URLManager.m; sourceTree = "<group>"; };
		7A9D682B229679AE0024DF3A /* NetManager.m */ = {isa = PBXFileReference; fileEncoding = 4; lastKnownFileType = sourcecode.c.objc; path = NetManager.m; sourceTree = "<group>"; };
		7A9D682C229679AE0024DF3A /* NetManager.h */ = {isa = PBXFileReference; fileEncoding = 4; lastKnownFileType = sourcecode.c.h; path = NetManager.h; sourceTree = "<group>"; };
		7A9D682E22967BB80024DF3A /* ZLShopVC.h */ = {isa = PBXFileReference; lastKnownFileType = sourcecode.c.h; path = ZLShopVC.h; sourceTree = "<group>"; };
		7A9D682F22967BB80024DF3A /* ZLShopVC.m */ = {isa = PBXFileReference; lastKnownFileType = sourcecode.c.objc; path = ZLShopVC.m; sourceTree = "<group>"; };
		7A9D683122967BDC0024DF3A /* ZLGoodsVC.h */ = {isa = PBXFileReference; lastKnownFileType = sourcecode.c.h; path = ZLGoodsVC.h; sourceTree = "<group>"; };
		7A9D683222967BDC0024DF3A /* ZLGoodsVC.m */ = {isa = PBXFileReference; lastKnownFileType = sourcecode.c.objc; path = ZLGoodsVC.m; sourceTree = "<group>"; };
		7A9D6839229683000024DF3A /* RemindView.h */ = {isa = PBXFileReference; fileEncoding = 4; lastKnownFileType = sourcecode.c.h; path = RemindView.h; sourceTree = "<group>"; };
		7A9D683A229683000024DF3A /* RemindView.m */ = {isa = PBXFileReference; fileEncoding = 4; lastKnownFileType = sourcecode.c.objc; path = RemindView.m; sourceTree = "<group>"; };
		7A9D683C229683DE0024DF3A /* NSObject+HUD.h */ = {isa = PBXFileReference; lastKnownFileType = sourcecode.c.h; path = "NSObject+HUD.h"; sourceTree = "<group>"; };
		7A9D683D229683DE0024DF3A /* NSObject+HUD.m */ = {isa = PBXFileReference; lastKnownFileType = sourcecode.c.objc; path = "NSObject+HUD.m"; sourceTree = "<group>"; };
		7A9D683F229688040024DF3A /* ZLLoginVC.h */ = {isa = PBXFileReference; lastKnownFileType = sourcecode.c.h; path = ZLLoginVC.h; sourceTree = "<group>"; };
		7A9D6840229688040024DF3A /* ZLLoginVC.m */ = {isa = PBXFileReference; lastKnownFileType = sourcecode.c.objc; path = ZLLoginVC.m; sourceTree = "<group>"; };
		7A9D6846229689D70024DF3A /* GeneralTableViewDelegate.h */ = {isa = PBXFileReference; fileEncoding = 4; lastKnownFileType = sourcecode.c.h; path = GeneralTableViewDelegate.h; sourceTree = "<group>"; };
		7A9D6847229689D70024DF3A /* GeneralTableViewDelegate.m */ = {isa = PBXFileReference; fileEncoding = 4; lastKnownFileType = sourcecode.c.objc; path = GeneralTableViewDelegate.m; sourceTree = "<group>"; };
		7A9D6848229689D80024DF3A /* ZLEmptyDataView.m */ = {isa = PBXFileReference; fileEncoding = 4; lastKnownFileType = sourcecode.c.objc; path = ZLEmptyDataView.m; sourceTree = "<group>"; };
		7A9D6849229689D80024DF3A /* GeneralTableView.m */ = {isa = PBXFileReference; fileEncoding = 4; lastKnownFileType = sourcecode.c.objc; path = GeneralTableView.m; sourceTree = "<group>"; };
		7A9D684A229689D80024DF3A /* ZLEmptyDataView.h */ = {isa = PBXFileReference; fileEncoding = 4; lastKnownFileType = sourcecode.c.h; path = ZLEmptyDataView.h; sourceTree = "<group>"; };
		7A9D684B229689D80024DF3A /* GeneralTableView.h */ = {isa = PBXFileReference; fileEncoding = 4; lastKnownFileType = sourcecode.c.h; path = GeneralTableView.h; sourceTree = "<group>"; };
		7A9D684F2296983B0024DF3A /* ZLLoginView.h */ = {isa = PBXFileReference; lastKnownFileType = sourcecode.c.h; path = ZLLoginView.h; sourceTree = "<group>"; };
		7A9D68502296983B0024DF3A /* ZLLoginView.m */ = {isa = PBXFileReference; lastKnownFileType = sourcecode.c.objc; path = ZLLoginView.m; sourceTree = "<group>"; };
		7A9D6852229699BB0024DF3A /* ZLLoginViewModel.h */ = {isa = PBXFileReference; lastKnownFileType = sourcecode.c.h; path = ZLLoginViewModel.h; sourceTree = "<group>"; };
		7A9D6853229699BB0024DF3A /* ZLLoginViewModel.m */ = {isa = PBXFileReference; lastKnownFileType = sourcecode.c.objc; path = ZLLoginViewModel.m; sourceTree = "<group>"; };
		7A9D68562296A0680024DF3A /* UIColor+Func.h */ = {isa = PBXFileReference; lastKnownFileType = sourcecode.c.h; path = "UIColor+Func.h"; sourceTree = "<group>"; };
		7A9D68572296A0680024DF3A /* UIColor+Func.m */ = {isa = PBXFileReference; lastKnownFileType = sourcecode.c.objc; path = "UIColor+Func.m"; sourceTree = "<group>"; };
		7AB6D8B3229F768500AFDCF0 /* ZLAddInfoView.h */ = {isa = PBXFileReference; lastKnownFileType = sourcecode.c.h; path = ZLAddInfoView.h; sourceTree = "<group>"; };
		7AB6D8B4229F768500AFDCF0 /* ZLAddInfoView.m */ = {isa = PBXFileReference; lastKnownFileType = sourcecode.c.objc; path = ZLAddInfoView.m; sourceTree = "<group>"; };
		7AC903B9229D1F830036AD68 /* NSString+Function.h */ = {isa = PBXFileReference; lastKnownFileType = sourcecode.c.h; path = "NSString+Function.h"; sourceTree = "<group>"; };
		7AC903BA229D1F830036AD68 /* NSString+Function.m */ = {isa = PBXFileReference; lastKnownFileType = sourcecode.c.objc; path = "NSString+Function.m"; sourceTree = "<group>"; };
		7AC903BC229D425C0036AD68 /* ZLSetPasswordVC.h */ = {isa = PBXFileReference; lastKnownFileType = sourcecode.c.h; path = ZLSetPasswordVC.h; sourceTree = "<group>"; };
		7AC903BD229D425C0036AD68 /* ZLSetPasswordVC.m */ = {isa = PBXFileReference; lastKnownFileType = sourcecode.c.objc; path = ZLSetPasswordVC.m; sourceTree = "<group>"; };
		7AFD07E4229E7ACC0093091C /* ZLLoginNetManager.h */ = {isa = PBXFileReference; lastKnownFileType = sourcecode.c.h; path = ZLLoginNetManager.h; sourceTree = "<group>"; };
		7AFD07E5229E7ACC0093091C /* ZLLoginNetManager.m */ = {isa = PBXFileReference; lastKnownFileType = sourcecode.c.objc; path = ZLLoginNetManager.m; sourceTree = "<group>"; };
		7AFD07E7229E7F040093091C /* NSDictionary+Function.h */ = {isa = PBXFileReference; lastKnownFileType = sourcecode.c.h; path = "NSDictionary+Function.h"; sourceTree = "<group>"; };
		7AFD07E8229E7F040093091C /* NSDictionary+Function.m */ = {isa = PBXFileReference; lastKnownFileType = sourcecode.c.objc; path = "NSDictionary+Function.m"; sourceTree = "<group>"; };
		7AFD07EA229EA0F90093091C /* ZLAddShopInfoVC.h */ = {isa = PBXFileReference; lastKnownFileType = sourcecode.c.h; path = ZLAddShopInfoVC.h; sourceTree = "<group>"; };
		7AFD07EB229EA0F90093091C /* ZLAddShopInfoVC.m */ = {isa = PBXFileReference; lastKnownFileType = sourcecode.c.objc; path = ZLAddShopInfoVC.m; sourceTree = "<group>"; };
		916EADC284FDEA9BE6978269 /* Pods-ZLead.debug.xcconfig */ = {isa = PBXFileReference; includeInIndex = 1; lastKnownFileType = text.xcconfig; name = "Pods-ZLead.debug.xcconfig"; path = "Pods/Target Support Files/Pods-ZLead/Pods-ZLead.debug.xcconfig"; sourceTree = "<group>"; };
		E2223B34229EB59F00C8547C /* ZLOrderListCell.h */ = {isa = PBXFileReference; lastKnownFileType = sourcecode.c.h; path = ZLOrderListCell.h; sourceTree = "<group>"; };
		E2223B35229EB59F00C8547C /* ZLOrderListCell.m */ = {isa = PBXFileReference; lastKnownFileType = sourcecode.c.objc; path = ZLOrderListCell.m; sourceTree = "<group>"; };
		E2223B37229FAD8D00C8547C /* ZLOrderManageView.h */ = {isa = PBXFileReference; lastKnownFileType = sourcecode.c.h; path = ZLOrderManageView.h; sourceTree = "<group>"; };
		E2223B38229FAD8D00C8547C /* ZLOrderManageView.m */ = {isa = PBXFileReference; lastKnownFileType = sourcecode.c.objc; path = ZLOrderManageView.m; sourceTree = "<group>"; };
		E2223B3B229FC57C00C8547C /* ZLScrollContentView.h */ = {isa = PBXFileReference; fileEncoding = 4; lastKnownFileType = sourcecode.c.h; path = ZLScrollContentView.h; sourceTree = "<group>"; };
		E2223B3C229FC57C00C8547C /* ZLSegmentTitleView.h */ = {isa = PBXFileReference; fileEncoding = 4; lastKnownFileType = sourcecode.c.h; path = ZLSegmentTitleView.h; sourceTree = "<group>"; };
		E2223B3D229FC57C00C8547C /* ZLSegmentTitleView.m */ = {isa = PBXFileReference; fileEncoding = 4; lastKnownFileType = sourcecode.c.objc; path = ZLSegmentTitleView.m; sourceTree = "<group>"; };
		E2223B3E229FC57C00C8547C /* ZLScrollContentView.m */ = {isa = PBXFileReference; fileEncoding = 4; lastKnownFileType = sourcecode.c.objc; path = ZLScrollContentView.m; sourceTree = "<group>"; };
		E2223B41229FC66600C8547C /* ZLOrderListVC.h */ = {isa = PBXFileReference; lastKnownFileType = sourcecode.c.h; path = ZLOrderListVC.h; sourceTree = "<group>"; };
		E2223B42229FC66600C8547C /* ZLOrderListVC.m */ = {isa = PBXFileReference; lastKnownFileType = sourcecode.c.objc; path = ZLOrderListVC.m; sourceTree = "<group>"; };
		E265DFD7229B8DAC00842DD0 /* ZLOrderManageVC.h */ = {isa = PBXFileReference; lastKnownFileType = sourcecode.c.h; path = ZLOrderManageVC.h; sourceTree = "<group>"; };
		E265DFD8229B8DAC00842DD0 /* ZLOrderManageVC.m */ = {isa = PBXFileReference; lastKnownFileType = sourcecode.c.objc; path = ZLOrderManageVC.m; sourceTree = "<group>"; };
		E265DFDA229B8E8A00842DD0 /* ZLMakeOrderVC.h */ = {isa = PBXFileReference; lastKnownFileType = sourcecode.c.h; path = ZLMakeOrderVC.h; sourceTree = "<group>"; };
		E265DFDB229B8E8A00842DD0 /* ZLMakeOrderVC.m */ = {isa = PBXFileReference; lastKnownFileType = sourcecode.c.objc; path = ZLMakeOrderVC.m; sourceTree = "<group>"; };
		E265DFDD229B8EBD00842DD0 /* ZLOfflinePaymentVC.h */ = {isa = PBXFileReference; lastKnownFileType = sourcecode.c.h; path = ZLOfflinePaymentVC.h; sourceTree = "<group>"; };
		E265DFDE229B8EBD00842DD0 /* ZLOfflinePaymentVC.m */ = {isa = PBXFileReference; lastKnownFileType = sourcecode.c.objc; path = ZLOfflinePaymentVC.m; sourceTree = "<group>"; };
		E265DFE0229B901900842DD0 /* ZLShopManagerNoteVC.h */ = {isa = PBXFileReference; lastKnownFileType = sourcecode.c.h; path = ZLShopManagerNoteVC.h; sourceTree = "<group>"; };
		E265DFE1229B901900842DD0 /* ZLShopManagerNoteVC.m */ = {isa = PBXFileReference; lastKnownFileType = sourcecode.c.objc; path = ZLShopManagerNoteVC.m; sourceTree = "<group>"; };
		E265DFE4229B953300842DD0 /* ZLMarqueeView.h */ = {isa = PBXFileReference; lastKnownFileType = sourcecode.c.h; path = ZLMarqueeView.h; sourceTree = "<group>"; };
		E265DFE5229B953300842DD0 /* ZLMarqueeView.m */ = {isa = PBXFileReference; lastKnownFileType = sourcecode.c.objc; path = ZLMarqueeView.m; sourceTree = "<group>"; };
		E265DFE7229B955200842DD0 /* UIView+Addition.h */ = {isa = PBXFileReference; lastKnownFileType = sourcecode.c.h; path = "UIView+Addition.h"; sourceTree = "<group>"; };
		E265DFE8229B955200842DD0 /* UIView+Addition.m */ = {isa = PBXFileReference; lastKnownFileType = sourcecode.c.objc; path = "UIView+Addition.m"; sourceTree = "<group>"; };
		E265DFEA229BF70000842DD0 /* ZLShoppingCartView.h */ = {isa = PBXFileReference; lastKnownFileType = sourcecode.c.h; path = ZLShoppingCartView.h; sourceTree = "<group>"; };
		E265DFEB229BF70000842DD0 /* ZLShoppingCartView.m */ = {isa = PBXFileReference; lastKnownFileType = sourcecode.c.objc; path = ZLShoppingCartView.m; sourceTree = "<group>"; };
		E265DFEE229CE00800842DD0 /* UIView+Size.h */ = {isa = PBXFileReference; fileEncoding = 4; lastKnownFileType = sourcecode.c.h; path = "UIView+Size.h"; sourceTree = "<group>"; };
		E265DFEF229CE00800842DD0 /* UIView+Size.m */ = {isa = PBXFileReference; fileEncoding = 4; lastKnownFileType = sourcecode.c.objc; path = "UIView+Size.m"; sourceTree = "<group>"; };
		E265DFF1229CE1D500842DD0 /* ZLShoppingCartCell.h */ = {isa = PBXFileReference; lastKnownFileType = sourcecode.c.h; path = ZLShoppingCartCell.h; sourceTree = "<group>"; };
		E265DFF2229CE1D500842DD0 /* ZLShoppingCartCell.m */ = {isa = PBXFileReference; lastKnownFileType = sourcecode.c.objc; path = ZLShoppingCartCell.m; sourceTree = "<group>"; };
		E265DFF4229CE80D00842DD0 /* ZLGoodsTypeSelectedView.h */ = {isa = PBXFileReference; lastKnownFileType = sourcecode.c.h; path = ZLGoodsTypeSelectedView.h; sourceTree = "<group>"; };
		E265DFF5229CE80D00842DD0 /* ZLGoodsTypeSelectedView.m */ = {isa = PBXFileReference; lastKnownFileType = sourcecode.c.objc; path = ZLGoodsTypeSelectedView.m; sourceTree = "<group>"; };
		E265DFF7229CEA0600842DD0 /* ZLMakeOrderView.h */ = {isa = PBXFileReference; lastKnownFileType = sourcecode.c.h; path = ZLMakeOrderView.h; sourceTree = "<group>"; };
		E265DFF8229CEA0600842DD0 /* ZLMakeOrderView.m */ = {isa = PBXFileReference; lastKnownFileType = sourcecode.c.objc; path = ZLMakeOrderView.m; sourceTree = "<group>"; };
		E265DFFA229D121A00842DD0 /* ZLGoodsBillVC.h */ = {isa = PBXFileReference; lastKnownFileType = sourcecode.c.h; path = ZLGoodsBillVC.h; sourceTree = "<group>"; };
		E265DFFB229D121A00842DD0 /* ZLGoodsBillVC.m */ = {isa = PBXFileReference; lastKnownFileType = sourcecode.c.objc; path = ZLGoodsBillVC.m; sourceTree = "<group>"; };
		E265DFFD229D123A00842DD0 /* ZLGoodsBillView.h */ = {isa = PBXFileReference; lastKnownFileType = sourcecode.c.h; path = ZLGoodsBillView.h; sourceTree = "<group>"; };
		E265DFFE229D123A00842DD0 /* ZLGoodsBillView.m */ = {isa = PBXFileReference; lastKnownFileType = sourcecode.c.objc; path = ZLGoodsBillView.m; sourceTree = "<group>"; };
		E265E000229D16C200842DD0 /* ZLShopGoodsModel.h */ = {isa = PBXFileReference; lastKnownFileType = sourcecode.c.h; name = ZLShopGoodsModel.h; path = ZLead/Main/Shop/View/ZLShopGoodsModel.h; sourceTree = SOURCE_ROOT; };
		E265E001229D16C200842DD0 /* ZLShopGoodsModel.m */ = {isa = PBXFileReference; lastKnownFileType = sourcecode.c.objc; name = ZLShopGoodsModel.m; path = ZLead/Main/Shop/View/ZLShopGoodsModel.m; sourceTree = SOURCE_ROOT; };
		E265E003229D238F00842DD0 /* ZLGoodsBillCell.h */ = {isa = PBXFileReference; lastKnownFileType = sourcecode.c.h; path = ZLGoodsBillCell.h; sourceTree = "<group>"; };
		E265E004229D238F00842DD0 /* ZLGoodsBillCell.m */ = {isa = PBXFileReference; lastKnownFileType = sourcecode.c.objc; path = ZLGoodsBillCell.m; sourceTree = "<group>"; };
		E265E006229D37AA00842DD0 /* ZLPaymentMethodCell.h */ = {isa = PBXFileReference; lastKnownFileType = sourcecode.c.h; path = ZLPaymentMethodCell.h; sourceTree = "<group>"; };
		E265E007229D37AA00842DD0 /* ZLPaymentMethodCell.m */ = {isa = PBXFileReference; lastKnownFileType = sourcecode.c.objc; path = ZLPaymentMethodCell.m; sourceTree = "<group>"; };
		E265E00C229D4CF700842DD0 /* ZLPaymentMethodSectionHeaderView.h */ = {isa = PBXFileReference; lastKnownFileType = sourcecode.c.h; path = ZLPaymentMethodSectionHeaderView.h; sourceTree = "<group>"; };
		E265E00D229D4CF700842DD0 /* ZLPaymentMethodSectionHeaderView.m */ = {isa = PBXFileReference; lastKnownFileType = sourcecode.c.objc; path = ZLPaymentMethodSectionHeaderView.m; sourceTree = "<group>"; };
		E265E00F229E4F4800842DD0 /* ZLOfflinePaymentView.h */ = {isa = PBXFileReference; lastKnownFileType = sourcecode.c.h; path = ZLOfflinePaymentView.h; sourceTree = "<group>"; };
		E265E010229E4F4800842DD0 /* ZLOfflinePaymentView.m */ = {isa = PBXFileReference; lastKnownFileType = sourcecode.c.objc; path = ZLOfflinePaymentView.m; sourceTree = "<group>"; };
		E265E012229E514200842DD0 /* ZLPaymentAmountCell.h */ = {isa = PBXFileReference; lastKnownFileType = sourcecode.c.h; path = ZLPaymentAmountCell.h; sourceTree = "<group>"; };
		E265E013229E514200842DD0 /* ZLPaymentAmountCell.m */ = {isa = PBXFileReference; lastKnownFileType = sourcecode.c.objc; path = ZLPaymentAmountCell.m; sourceTree = "<group>"; };
		E265E015229E519400842DD0 /* ZLZLPaymentNoteCell.h */ = {isa = PBXFileReference; lastKnownFileType = sourcecode.c.h; path = ZLZLPaymentNoteCell.h; sourceTree = "<group>"; };
		E265E016229E519400842DD0 /* ZLZLPaymentNoteCell.m */ = {isa = PBXFileReference; lastKnownFileType = sourcecode.c.objc; path = ZLZLPaymentNoteCell.m; sourceTree = "<group>"; };
		E265E018229EA0F500842DD0 /* ZLShopGoodsSearchBarView.h */ = {isa = PBXFileReference; lastKnownFileType = sourcecode.c.h; path = ZLShopGoodsSearchBarView.h; sourceTree = "<group>"; };
		E265E019229EA0F500842DD0 /* ZLShopGoodsSearchBarView.m */ = {isa = PBXFileReference; lastKnownFileType = sourcecode.c.objc; path = ZLShopGoodsSearchBarView.m; sourceTree = "<group>"; };
		E2802B4B229906FB004AF4B8 /* ZLShopTurnoverView.h */ = {isa = PBXFileReference; lastKnownFileType = sourcecode.c.h; path = ZLShopTurnoverView.h; sourceTree = "<group>"; };
		E2802B4C229906FB004AF4B8 /* ZLShopTurnoverView.m */ = {isa = PBXFileReference; lastKnownFileType = sourcecode.c.objc; path = ZLShopTurnoverView.m; sourceTree = "<group>"; };
		E2802B512299154D004AF4B8 /* ZLBaseCell.h */ = {isa = PBXFileReference; lastKnownFileType = sourcecode.c.h; path = ZLBaseCell.h; sourceTree = "<group>"; };
		E2802B522299154D004AF4B8 /* ZLBaseCell.m */ = {isa = PBXFileReference; lastKnownFileType = sourcecode.c.objc; path = ZLBaseCell.m; sourceTree = "<group>"; };
		E2802B5422991597004AF4B8 /* ZLShopBusinessMenuCell.h */ = {isa = PBXFileReference; lastKnownFileType = sourcecode.c.h; path = ZLShopBusinessMenuCell.h; sourceTree = "<group>"; };
		E2802B5522991597004AF4B8 /* ZLShopBusinessMenuCell.m */ = {isa = PBXFileReference; lastKnownFileType = sourcecode.c.objc; path = ZLShopBusinessMenuCell.m; sourceTree = "<group>"; };
		E2802B5722991CC7004AF4B8 /* ZLShopManagerNoteCell.h */ = {isa = PBXFileReference; lastKnownFileType = sourcecode.c.h; path = ZLShopManagerNoteCell.h; sourceTree = "<group>"; };
		E2802B5822991CC7004AF4B8 /* ZLShopManagerNoteCell.m */ = {isa = PBXFileReference; lastKnownFileType = sourcecode.c.objc; path = ZLShopManagerNoteCell.m; sourceTree = "<group>"; };
		E2802B5A22992F53004AF4B8 /* ZLShopTopView.h */ = {isa = PBXFileReference; lastKnownFileType = sourcecode.c.h; path = ZLShopTopView.h; sourceTree = "<group>"; };
		E2802B5B22992F53004AF4B8 /* ZLShopTopView.m */ = {isa = PBXFileReference; lastKnownFileType = sourcecode.c.objc; path = ZLShopTopView.m; sourceTree = "<group>"; };
		E2802B5D22993555004AF4B8 /* ZLShopListCell.h */ = {isa = PBXFileReference; lastKnownFileType = sourcecode.c.h; path = ZLShopListCell.h; sourceTree = "<group>"; };
		E2802B5E22993555004AF4B8 /* ZLShopListCell.m */ = {isa = PBXFileReference; lastKnownFileType = sourcecode.c.objc; path = ZLShopListCell.m; sourceTree = "<group>"; };
		E2802B6022993CA7004AF4B8 /* ZLShopListVC.h */ = {isa = PBXFileReference; lastKnownFileType = sourcecode.c.h; path = ZLShopListVC.h; sourceTree = "<group>"; };
		E2802B6122993CA7004AF4B8 /* ZLShopListVC.m */ = {isa = PBXFileReference; lastKnownFileType = sourcecode.c.objc; path = ZLShopListVC.m; sourceTree = "<group>"; };
		E832D6F1229E51CC00D0ED7F /* ZLPerShareView.h */ = {isa = PBXFileReference; fileEncoding = 4; lastKnownFileType = sourcecode.c.h; path = ZLPerShareView.h; sourceTree = "<group>"; };
		E832D6F2229E51CC00D0ED7F /* ZLPerHeaderView.h */ = {isa = PBXFileReference; fileEncoding = 4; lastKnownFileType = sourcecode.c.h; path = ZLPerHeaderView.h; sourceTree = "<group>"; };
		E832D6F3229E51CC00D0ED7F /* ZLPerListView.h */ = {isa = PBXFileReference; fileEncoding = 4; lastKnownFileType = sourcecode.c.h; path = ZLPerListView.h; sourceTree = "<group>"; };
		E832D6F4229E51CD00D0ED7F /* ZLPerListView.m */ = {isa = PBXFileReference; fileEncoding = 4; lastKnownFileType = sourcecode.c.objc; path = ZLPerListView.m; sourceTree = "<group>"; };
		E832D6F5229E51CD00D0ED7F /* ZLPerButtonView.h */ = {isa = PBXFileReference; fileEncoding = 4; lastKnownFileType = sourcecode.c.h; path = ZLPerButtonView.h; sourceTree = "<group>"; };
		E832D6F6229E51CD00D0ED7F /* ZLPerShareView.m */ = {isa = PBXFileReference; fileEncoding = 4; lastKnownFileType = sourcecode.c.objc; path = ZLPerShareView.m; sourceTree = "<group>"; };
		E832D6F7229E51CD00D0ED7F /* ZLPerHeaderView.m */ = {isa = PBXFileReference; fileEncoding = 4; lastKnownFileType = sourcecode.c.objc; path = ZLPerHeaderView.m; sourceTree = "<group>"; };
		E832D6F8229E51CD00D0ED7F /* ZLPerButtonView.m */ = {isa = PBXFileReference; fileEncoding = 4; lastKnownFileType = sourcecode.c.objc; path = ZLPerButtonView.m; sourceTree = "<group>"; };
		E832D6FE229E51EA00D0ED7F /* ZLPerAccountOfWithdrawVC.h */ = {isa = PBXFileReference; fileEncoding = 4; lastKnownFileType = sourcecode.c.h; path = ZLPerAccountOfWithdrawVC.h; sourceTree = "<group>"; };
		E832D6FF229E51EB00D0ED7F /* ZLPerWithdrawVC.m */ = {isa = PBXFileReference; fileEncoding = 4; lastKnownFileType = sourcecode.c.objc; path = ZLPerWithdrawVC.m; sourceTree = "<group>"; };
		E832D700229E51EB00D0ED7F /* ZLPerAccountVC.m */ = {isa = PBXFileReference; fileEncoding = 4; lastKnownFileType = sourcecode.c.objc; path = ZLPerAccountVC.m; sourceTree = "<group>"; };
		E832D701229E51EB00D0ED7F /* ZLPerWithdrawVC.h */ = {isa = PBXFileReference; fileEncoding = 4; lastKnownFileType = sourcecode.c.h; path = ZLPerWithdrawVC.h; sourceTree = "<group>"; };
		E832D702229E51EB00D0ED7F /* ZLAddStoreVC.h */ = {isa = PBXFileReference; fileEncoding = 4; lastKnownFileType = sourcecode.c.h; path = ZLAddStoreVC.h; sourceTree = "<group>"; };
		E832D703229E51EB00D0ED7F /* ZLAddStoreVC.m */ = {isa = PBXFileReference; fileEncoding = 4; lastKnownFileType = sourcecode.c.objc; path = ZLAddStoreVC.m; sourceTree = "<group>"; };
		E832D704229E51EB00D0ED7F /* ZLPerAccountOfWithdrawVC.m */ = {isa = PBXFileReference; fileEncoding = 4; lastKnownFileType = sourcecode.c.objc; path = ZLPerAccountOfWithdrawVC.m; sourceTree = "<group>"; };
		E832D705229E51EB00D0ED7F /* ZLPerAccountVC.h */ = {isa = PBXFileReference; fileEncoding = 4; lastKnownFileType = sourcecode.c.h; path = ZLPerAccountVC.h; sourceTree = "<group>"; };
		E832D70C229E521100D0ED7F /* ZLSetWechatVC.h */ = {isa = PBXFileReference; fileEncoding = 4; lastKnownFileType = sourcecode.c.h; path = ZLSetWechatVC.h; sourceTree = "<group>"; };
		E832D70D229E521100D0ED7F /* ZLAddBankCardVC.h */ = {isa = PBXFileReference; fileEncoding = 4; lastKnownFileType = sourcecode.c.h; path = ZLAddBankCardVC.h; sourceTree = "<group>"; };
		E832D70E229E521100D0ED7F /* ZLSetWechatVC.m */ = {isa = PBXFileReference; fileEncoding = 4; lastKnownFileType = sourcecode.c.objc; path = ZLSetWechatVC.m; sourceTree = "<group>"; };
		E832D70F229E521100D0ED7F /* ZLAddBankCardVC.m */ = {isa = PBXFileReference; fileEncoding = 4; lastKnownFileType = sourcecode.c.objc; path = ZLAddBankCardVC.m; sourceTree = "<group>"; };
		E832D715229E6FB300D0ED7F /* ZLMsgCenterVC.m */ = {isa = PBXFileReference; fileEncoding = 4; lastKnownFileType = sourcecode.c.objc; path = ZLMsgCenterVC.m; sourceTree = "<group>"; };
		E832D716229E6FB300D0ED7F /* ZLMsgCenterVC.h */ = {isa = PBXFileReference; fileEncoding = 4; lastKnownFileType = sourcecode.c.h; path = ZLMsgCenterVC.h; sourceTree = "<group>"; };
		E832D719229E715100D0ED7F /* UIImage+ZL.h */ = {isa = PBXFileReference; lastKnownFileType = sourcecode.c.h; path = "UIImage+ZL.h"; sourceTree = "<group>"; };
		E832D71A229E715100D0ED7F /* UIImage+ZL.m */ = {isa = PBXFileReference; lastKnownFileType = sourcecode.c.objc; path = "UIImage+ZL.m"; sourceTree = "<group>"; };
		E832D751229FB30900D0ED7F /* ZLGoodsHeaderView.h */ = {isa = PBXFileReference; lastKnownFileType = sourcecode.c.h; path = ZLGoodsHeaderView.h; sourceTree = "<group>"; };
		E832D752229FB30900D0ED7F /* ZLGoodsHeaderView.m */ = {isa = PBXFileReference; lastKnownFileType = sourcecode.c.objc; path = ZLGoodsHeaderView.m; sourceTree = "<group>"; };
		E832D754229FBA3E00D0ED7F /* ZLGoodsListCell.h */ = {isa = PBXFileReference; lastKnownFileType = sourcecode.c.h; path = ZLGoodsListCell.h; sourceTree = "<group>"; };
		E832D755229FBA3E00D0ED7F /* ZLGoodsListCell.m */ = {isa = PBXFileReference; lastKnownFileType = sourcecode.c.objc; path = ZLGoodsListCell.m; sourceTree = "<group>"; };
		E832D757229FC99D00D0ED7F /* ZLGoodsSearchVC.h */ = {isa = PBXFileReference; lastKnownFileType = sourcecode.c.h; path = ZLGoodsSearchVC.h; sourceTree = "<group>"; };
		E832D758229FC99D00D0ED7F /* ZLGoodsSearchVC.m */ = {isa = PBXFileReference; lastKnownFileType = sourcecode.c.objc; path = ZLGoodsSearchVC.m; sourceTree = "<group>"; };
		F7BD921763FC6637F355F260 /* libPods-ZLead.a */ = {isa = PBXFileReference; explicitFileType = archive.ar; includeInIndex = 0; path = "libPods-ZLead.a"; sourceTree = BUILT_PRODUCTS_DIR; };
/* End PBXFileReference section */

/* Begin PBXFrameworksBuildPhase section */
		7A00979F2294F97F00AD79DE /* Frameworks */ = {
			isa = PBXFrameworksBuildPhase;
			buildActionMask = 2147483647;
			files = (
				9FB42ABF0BA8A97B989DAC14 /* libPods-ZLead.a in Frameworks */,
			);
			runOnlyForDeploymentPostprocessing = 0;
		};
		7A0097B72294F98100AD79DE /* Frameworks */ = {
			isa = PBXFrameworksBuildPhase;
			buildActionMask = 2147483647;
			files = (
			);
			runOnlyForDeploymentPostprocessing = 0;
		};
		7A0097C22294F98100AD79DE /* Frameworks */ = {
			isa = PBXFrameworksBuildPhase;
			buildActionMask = 2147483647;
			files = (
			);
			runOnlyForDeploymentPostprocessing = 0;
		};
/* End PBXFrameworksBuildPhase section */

/* Begin PBXGroup section */
		5E7A093C48F1D0A1934F1FE9 /* Pods */ = {
			isa = PBXGroup;
			children = (
				916EADC284FDEA9BE6978269 /* Pods-ZLead.debug.xcconfig */,
				6626CE871ED07547028D28E4 /* Pods-ZLead.release.xcconfig */,
			);
			name = Pods;
			sourceTree = "<group>";
		};
		7A0097992294F97F00AD79DE = {
			isa = PBXGroup;
			children = (
				7A0097A42294F97F00AD79DE /* ZLead */,
				7A0097BD2294F98100AD79DE /* ZLeadTests */,
				7A0097C82294F98100AD79DE /* ZLeadUITests */,
				7A0097A32294F97F00AD79DE /* Products */,
				5E7A093C48F1D0A1934F1FE9 /* Pods */,
				B97A67E62B931C16048ABE36 /* Frameworks */,
			);
			sourceTree = "<group>";
		};
		7A0097A32294F97F00AD79DE /* Products */ = {
			isa = PBXGroup;
			children = (
				7A0097A22294F97F00AD79DE /* ZLead.app */,
				7A0097BA2294F98100AD79DE /* ZLeadTests.xctest */,
				7A0097C52294F98100AD79DE /* ZLeadUITests.xctest */,
			);
			name = Products;
			sourceTree = "<group>";
		};
		7A0097A42294F97F00AD79DE /* ZLead */ = {
			isa = PBXGroup;
			children = (
				7AFD07E2229E7A490093091C /* API */,
				7A0097D72295165E00AD79DE /* AppDelegate */,
				7A0097DD22951EA600AD79DE /* Login */,
				7A0097D9229516AD00AD79DE /* Main */,
				7A0097D82295169400AD79DE /* BaseClass */,
				7A9D681F22964B200024DF3A /* Tool */,
				7A9D682622964CDC0024DF3A /* ResourceManager */,
				7A0097AB2294F97F00AD79DE /* Main.storyboard */,
				7A0097B02294F98100AD79DE /* LaunchScreen.storyboard */,
				7A0097B42294F98100AD79DE /* main.m */,
				7A0098072295319F00AD79DE /* ZLeadPch.pch */,
				7A0097B32294F98100AD79DE /* Info.plist */,
				7A0097AE2294F98100AD79DE /* Assets.xcassets */,
			);
			path = ZLead;
			sourceTree = "<group>";
		};
		7A0097BD2294F98100AD79DE /* ZLeadTests */ = {
			isa = PBXGroup;
			children = (
				7A0097BE2294F98100AD79DE /* ZLeadTests.m */,
				7A0097C02294F98100AD79DE /* Info.plist */,
			);
			path = ZLeadTests;
			sourceTree = "<group>";
		};
		7A0097C82294F98100AD79DE /* ZLeadUITests */ = {
			isa = PBXGroup;
			children = (
				7A0097C92294F98100AD79DE /* ZLeadUITests.m */,
				7A0097CB2294F98100AD79DE /* Info.plist */,
			);
			path = ZLeadUITests;
			sourceTree = "<group>";
		};
		7A0097D72295165E00AD79DE /* AppDelegate */ = {
			isa = PBXGroup;
			children = (
				7A0097A52294F97F00AD79DE /* AppDelegate.h */,
				7A0097A62294F97F00AD79DE /* AppDelegate.m */,
				7A00980922955ACB00AD79DE /* ZLConfig.h */,
				7A00980A22955ACB00AD79DE /* ZLConfig.m */,
			);
			path = AppDelegate;
			sourceTree = "<group>";
		};
		7A0097D82295169400AD79DE /* BaseClass */ = {
			isa = PBXGroup;
			children = (
				7A0097DA22951E1700AD79DE /* ZLBaseViewController.h */,
				7A0097DB22951E1700AD79DE /* ZLBaseViewController.m */,
				7A0098012295270B00AD79DE /* ZLNavigationController.h */,
				7A0098022295270B00AD79DE /* ZLNavigationController.m */,
				7A00980422952EAD00AD79DE /* ZLTabBarViewController.h */,
				7A00980522952EAD00AD79DE /* ZLTabBarViewController.m */,
				7A00980C22955C2400AD79DE /* ZLTabBarController.h */,
				7A00980D22955C2400AD79DE /* ZLTabBarController.m */,
				E2802B512299154D004AF4B8 /* ZLBaseCell.h */,
				E2802B522299154D004AF4B8 /* ZLBaseCell.m */,
			);
			path = BaseClass;
			sourceTree = "<group>";
		};
		7A0097D9229516AD00AD79DE /* Main */ = {
			isa = PBXGroup;
			children = (
				7A0097DE22951EDA00AD79DE /* Shop */,
				7A0097E322951FBD00AD79DE /* Goods */,
				7A0097E4229521F700AD79DE /* Statistics */,
				7A0097E52295223700AD79DE /* PersonalCenter */,
			);
			path = Main;
			sourceTree = "<group>";
		};
		7A0097DD22951EA600AD79DE /* Login */ = {
			isa = PBXGroup;
			children = (
				7A9D68422296882C0024DF3A /* ViewController */,
				7A9D68442296885A0024DF3A /* View */,
				7A9D6845229688650024DF3A /* ViewModel */,
				7A9D68432296883D0024DF3A /* Model */,
			);
			path = Login;
			sourceTree = "<group>";
		};
		7A0097DE22951EDA00AD79DE /* Shop */ = {
			isa = PBXGroup;
			children = (
				7A0097DF22951F7400AD79DE /* ViewController */,
				E2802B4A229906B8004AF4B8 /* View */,
				7A0097E122951F9F00AD79DE /* ViewModel */,
				7A0097E222951FAE00AD79DE /* Model */,
			);
			path = Shop;
			sourceTree = "<group>";
		};
		7A0097DF22951F7400AD79DE /* ViewController */ = {
			isa = PBXGroup;
			children = (
				7A9D682E22967BB80024DF3A /* ZLShopVC.h */,
				7A9D682F22967BB80024DF3A /* ZLShopVC.m */,
				E2802B6022993CA7004AF4B8 /* ZLShopListVC.h */,
				E2802B6122993CA7004AF4B8 /* ZLShopListVC.m */,
				E265DFD7229B8DAC00842DD0 /* ZLOrderManageVC.h */,
				E265DFD8229B8DAC00842DD0 /* ZLOrderManageVC.m */,
				E265DFDA229B8E8A00842DD0 /* ZLMakeOrderVC.h */,
				E265DFDB229B8E8A00842DD0 /* ZLMakeOrderVC.m */,
				E265DFDD229B8EBD00842DD0 /* ZLOfflinePaymentVC.h */,
				E265DFDE229B8EBD00842DD0 /* ZLOfflinePaymentVC.m */,
				E265DFE0229B901900842DD0 /* ZLShopManagerNoteVC.h */,
				E265DFE1229B901900842DD0 /* ZLShopManagerNoteVC.m */,
				E265DFFA229D121A00842DD0 /* ZLGoodsBillVC.h */,
				E265DFFB229D121A00842DD0 /* ZLGoodsBillVC.m */,
				E2223B41229FC66600C8547C /* ZLOrderListVC.h */,
				E2223B42229FC66600C8547C /* ZLOrderListVC.m */,
			);
			path = ViewController;
			sourceTree = "<group>";
		};
		7A0097E122951F9F00AD79DE /* ViewModel */ = {
			isa = PBXGroup;
			children = (
			);
			path = ViewModel;
			sourceTree = "<group>";
		};
		7A0097E222951FAE00AD79DE /* Model */ = {
			isa = PBXGroup;
			children = (
				E265E000229D16C200842DD0 /* ZLShopGoodsModel.h */,
				E265E001229D16C200842DD0 /* ZLShopGoodsModel.m */,
			);
			path = Model;
			sourceTree = "<group>";
		};
		7A0097E322951FBD00AD79DE /* Goods */ = {
			isa = PBXGroup;
			children = (
				7A0097E9229522F900AD79DE /* ViewController */,
				7A0097E8229522F300AD79DE /* View */,
				7A0097E7229522E200AD79DE /* ViewModel */,
				7A0097E6229522D600AD79DE /* Model */,
			);
			path = Goods;
			sourceTree = "<group>";
		};
		7A0097E4229521F700AD79DE /* Statistics */ = {
			isa = PBXGroup;
			children = (
				7A0097ED2295233500AD79DE /* ViewController */,
				7A0097EC2295232E00AD79DE /* View */,
				7A0097EB2295232300AD79DE /* ViewModel */,
				7A0097EA2295231A00AD79DE /* Model */,
			);
			path = Statistics;
			sourceTree = "<group>";
		};
		7A0097E52295223700AD79DE /* PersonalCenter */ = {
			isa = PBXGroup;
			children = (
				7A0097F12295236A00AD79DE /* ViewController */,
				7A0097F02295236300AD79DE /* View */,
				7A0097EF2295235800AD79DE /* ViewModel */,
				7A0097EE2295234A00AD79DE /* Model */,
			);
			path = PersonalCenter;
			sourceTree = "<group>";
		};
		7A0097E6229522D600AD79DE /* Model */ = {
			isa = PBXGroup;
			children = (
			);
			path = Model;
			sourceTree = "<group>";
		};
		7A0097E7229522E200AD79DE /* ViewModel */ = {
			isa = PBXGroup;
			children = (
			);
			path = ViewModel;
			sourceTree = "<group>";
		};
		7A0097E8229522F300AD79DE /* View */ = {
			isa = PBXGroup;
			children = (
				E832D751229FB30900D0ED7F /* ZLGoodsHeaderView.h */,
				E832D752229FB30900D0ED7F /* ZLGoodsHeaderView.m */,
				E832D754229FBA3E00D0ED7F /* ZLGoodsListCell.h */,
				E832D755229FBA3E00D0ED7F /* ZLGoodsListCell.m */,
			);
			path = View;
			sourceTree = "<group>";
		};
		7A0097E9229522F900AD79DE /* ViewController */ = {
			isa = PBXGroup;
			children = (
				7A9D683122967BDC0024DF3A /* ZLGoodsVC.h */,
				7A9D683222967BDC0024DF3A /* ZLGoodsVC.m */,
				E832D757229FC99D00D0ED7F /* ZLGoodsSearchVC.h */,
				E832D758229FC99D00D0ED7F /* ZLGoodsSearchVC.m */,
			);
			path = ViewController;
			sourceTree = "<group>";
		};
		7A0097EA2295231A00AD79DE /* Model */ = {
			isa = PBXGroup;
			children = (
			);
			path = Model;
			sourceTree = "<group>";
		};
		7A0097EB2295232300AD79DE /* ViewModel */ = {
			isa = PBXGroup;
			children = (
			);
			path = ViewModel;
			sourceTree = "<group>";
		};
		7A0097EC2295232E00AD79DE /* View */ = {
			isa = PBXGroup;
			children = (
			);
			path = View;
			sourceTree = "<group>";
		};
		7A0097ED2295233500AD79DE /* ViewController */ = {
			isa = PBXGroup;
			children = (
				7A0097F8229524AD00AD79DE /* ZLDataVC.h */,
				7A0097F9229524AD00AD79DE /* ZLDataVC.m */,
			);
			path = ViewController;
			sourceTree = "<group>";
		};
		7A0097EE2295234A00AD79DE /* Model */ = {
			isa = PBXGroup;
			children = (
			);
			path = Model;
			sourceTree = "<group>";
		};
		7A0097EF2295235800AD79DE /* ViewModel */ = {
			isa = PBXGroup;
			children = (
			);
			path = ViewModel;
			sourceTree = "<group>";
		};
		7A0097F02295236300AD79DE /* View */ = {
			isa = PBXGroup;
			children = (
				E832D6F5229E51CD00D0ED7F /* ZLPerButtonView.h */,
				E832D6F8229E51CD00D0ED7F /* ZLPerButtonView.m */,
				E832D6F2229E51CC00D0ED7F /* ZLPerHeaderView.h */,
				E832D6F7229E51CD00D0ED7F /* ZLPerHeaderView.m */,
				E832D6F3229E51CC00D0ED7F /* ZLPerListView.h */,
				E832D6F4229E51CD00D0ED7F /* ZLPerListView.m */,
				E832D6F1229E51CC00D0ED7F /* ZLPerShareView.h */,
				E832D6F6229E51CD00D0ED7F /* ZLPerShareView.m */,
			);
			path = View;
			sourceTree = "<group>";
		};
		7A0097F12295236A00AD79DE /* ViewController */ = {
			isa = PBXGroup;
			children = (
				E832D716229E6FB300D0ED7F /* ZLMsgCenterVC.h */,
				E832D715229E6FB300D0ED7F /* ZLMsgCenterVC.m */,
				7A0097FB2295268000AD79DE /* ZLPersonalVC.h */,
				7A0097FC2295268000AD79DE /* ZLPersonalVC.m */,
				E832D702229E51EB00D0ED7F /* ZLAddStoreVC.h */,
				E832D703229E51EB00D0ED7F /* ZLAddStoreVC.m */,
				E832D6FE229E51EA00D0ED7F /* ZLPerAccountOfWithdrawVC.h */,
				E832D704229E51EB00D0ED7F /* ZLPerAccountOfWithdrawVC.m */,
				E832D705229E51EB00D0ED7F /* ZLPerAccountVC.h */,
				E832D700229E51EB00D0ED7F /* ZLPerAccountVC.m */,
				E832D701229E51EB00D0ED7F /* ZLPerWithdrawVC.h */,
				E832D6FF229E51EB00D0ED7F /* ZLPerWithdrawVC.m */,
				E832D70B229E521100D0ED7F /* AccountOfWithdraw */,
			);
			path = ViewController;
			sourceTree = "<group>";
		};
		7A07D415229784BB00B992E7 /* Font */ = {
			isa = PBXGroup;
			children = (
			);
			path = Font;
			sourceTree = "<group>";
		};
		7A9D681F22964B200024DF3A /* Tool */ = {
			isa = PBXGroup;
			children = (
				7A9D6838229682960024DF3A /* PublicClass */,
				7A9D682222964BAF0024DF3A /* Singleton */,
				7A9D682122964B3D0024DF3A /* Category */,
				7A9D682022964B2D0024DF3A /* Net */,
			);
			path = Tool;
			sourceTree = "<group>";
		};
		7A9D682022964B2D0024DF3A /* Net */ = {
			isa = PBXGroup;
			children = (
				7A9D682C229679AE0024DF3A /* NetManager.h */,
				7A9D682B229679AE0024DF3A /* NetManager.m */,
			);
			path = Net;
			sourceTree = "<group>";
		};
		7A9D682122964B3D0024DF3A /* Category */ = {
			isa = PBXGroup;
			children = (
				E832D718229E70EB00D0ED7F /* UIImage */,
				E265DFED229CE00700842DD0 /* View */,
				7A07D415229784BB00B992E7 /* Font */,
				7A9D68552296A02A0024DF3A /* Color */,
				7A9D68342296818E0024DF3A /* Object */,
				7A9D682522964C6D0024DF3A /* Array */,
				7A9D682422964C600024DF3A /* Dictionary */,
				7A9D682322964C560024DF3A /* String */,
			);
			path = Category;
			sourceTree = "<group>";
		};
		7A9D682222964BAF0024DF3A /* Singleton */ = {
			isa = PBXGroup;
			children = (
			);
			path = Singleton;
			sourceTree = "<group>";
		};
		7A9D682322964C560024DF3A /* String */ = {
			isa = PBXGroup;
			children = (
				7AC903B9229D1F830036AD68 /* NSString+Function.h */,
				7AC903BA229D1F830036AD68 /* NSString+Function.m */,
			);
			path = String;
			sourceTree = "<group>";
		};
		7A9D682422964C600024DF3A /* Dictionary */ = {
			isa = PBXGroup;
			children = (
				7AFD07E7229E7F040093091C /* NSDictionary+Function.h */,
				7AFD07E8229E7F040093091C /* NSDictionary+Function.m */,
			);
			path = Dictionary;
			sourceTree = "<group>";
		};
		7A9D682522964C6D0024DF3A /* Array */ = {
			isa = PBXGroup;
			children = (
			);
			path = Array;
			sourceTree = "<group>";
		};
		7A9D682622964CDC0024DF3A /* ResourceManager */ = {
			isa = PBXGroup;
			children = (
				7A009808229532DA00AD79DE /* SizeManager.h */,
				7A9D68282296680F0024DF3A /* URLManager.h */,
				7A9D68292296680F0024DF3A /* URLManager.m */,
			);
			path = ResourceManager;
			sourceTree = "<group>";
		};
		7A9D68342296818E0024DF3A /* Object */ = {
			isa = PBXGroup;
			children = (
				7A9D683C229683DE0024DF3A /* NSObject+HUD.h */,
				7A9D683D229683DE0024DF3A /* NSObject+HUD.m */,
			);
			path = Object;
			sourceTree = "<group>";
		};
		7A9D6838229682960024DF3A /* PublicClass */ = {
			isa = PBXGroup;
			children = (
				E2223B3A229FC57C00C8547C /* SegmentView */,
				E265DFE3229B951700842DD0 /* Marquee */,
				7A9D684B229689D80024DF3A /* GeneralTableView.h */,
				7A9D6849229689D80024DF3A /* GeneralTableView.m */,
				7A9D6846229689D70024DF3A /* GeneralTableViewDelegate.h */,
				7A9D6847229689D70024DF3A /* GeneralTableViewDelegate.m */,
				7A9D684A229689D80024DF3A /* ZLEmptyDataView.h */,
				7A9D6848229689D80024DF3A /* ZLEmptyDataView.m */,
				7A9D6839229683000024DF3A /* RemindView.h */,
				7A9D683A229683000024DF3A /* RemindView.m */,
				7A488A632298E3B200069483 /* CustomTextField.h */,
				7A488A642298E3B300069483 /* CustomTextField.m */,
			);
			path = PublicClass;
			sourceTree = "<group>";
		};
		7A9D68422296882C0024DF3A /* ViewController */ = {
			isa = PBXGroup;
			children = (
				7A9D683F229688040024DF3A /* ZLLoginVC.h */,
				7A9D6840229688040024DF3A /* ZLLoginVC.m */,
				7AC903BC229D425C0036AD68 /* ZLSetPasswordVC.h */,
				7AC903BD229D425C0036AD68 /* ZLSetPasswordVC.m */,
				7AFD07EA229EA0F90093091C /* ZLAddShopInfoVC.h */,
				7AFD07EB229EA0F90093091C /* ZLAddShopInfoVC.m */,
			);
			path = ViewController;
			sourceTree = "<group>";
		};
		7A9D68432296883D0024DF3A /* Model */ = {
			isa = PBXGroup;
			children = (
			);
			path = Model;
			sourceTree = "<group>";
		};
		7A9D68442296885A0024DF3A /* View */ = {
			isa = PBXGroup;
			children = (
				7A9D684F2296983B0024DF3A /* ZLLoginView.h */,
				7A9D68502296983B0024DF3A /* ZLLoginView.m */,
				7A488A692298F49800069483 /* ZLInputView.h */,
				7A488A6A2298F49800069483 /* ZLInputView.m */,
				7AB6D8B3229F768500AFDCF0 /* ZLAddInfoView.h */,
				7AB6D8B4229F768500AFDCF0 /* ZLAddInfoView.m */,
			);
			path = View;
			sourceTree = "<group>";
		};
		7A9D6845229688650024DF3A /* ViewModel */ = {
			isa = PBXGroup;
			children = (
				7A9D6852229699BB0024DF3A /* ZLLoginViewModel.h */,
				7A9D6853229699BB0024DF3A /* ZLLoginViewModel.m */,
			);
			path = ViewModel;
			sourceTree = "<group>";
		};
		7A9D68552296A02A0024DF3A /* Color */ = {
			isa = PBXGroup;
			children = (
				7A9D68562296A0680024DF3A /* UIColor+Func.h */,
				7A9D68572296A0680024DF3A /* UIColor+Func.m */,
			);
			path = Color;
			sourceTree = "<group>";
		};
		7AFD07E2229E7A490093091C /* API */ = {
			isa = PBXGroup;
			children = (
				7AFD07E3229E7A520093091C /* Login */,
			);
			path = API;
			sourceTree = "<group>";
		};
		7AFD07E3229E7A520093091C /* Login */ = {
			isa = PBXGroup;
			children = (
				7AFD07E4229E7ACC0093091C /* ZLLoginNetManager.h */,
				7AFD07E5229E7ACC0093091C /* ZLLoginNetManager.m */,
			);
			path = Login;
			sourceTree = "<group>";
		};
		B97A67E62B931C16048ABE36 /* Frameworks */ = {
			isa = PBXGroup;
			children = (
				F7BD921763FC6637F355F260 /* libPods-ZLead.a */,
			);
			name = Frameworks;
			sourceTree = "<group>";
		};
		E2223B3A229FC57C00C8547C /* SegmentView */ = {
			isa = PBXGroup;
			children = (
				E2223B3C229FC57C00C8547C /* ZLSegmentTitleView.h */,
				E2223B3D229FC57C00C8547C /* ZLSegmentTitleView.m */,
				E2223B3B229FC57C00C8547C /* ZLScrollContentView.h */,
				E2223B3E229FC57C00C8547C /* ZLScrollContentView.m */,
			);
			path = SegmentView;
			sourceTree = "<group>";
		};
		E265DFE3229B951700842DD0 /* Marquee */ = {
			isa = PBXGroup;
			children = (
				E265DFE4229B953300842DD0 /* ZLMarqueeView.h */,
				E265DFE5229B953300842DD0 /* ZLMarqueeView.m */,
				E265DFE7229B955200842DD0 /* UIView+Addition.h */,
				E265DFE8229B955200842DD0 /* UIView+Addition.m */,
			);
			path = Marquee;
			sourceTree = "<group>";
		};
		E265DFED229CE00700842DD0 /* View */ = {
			isa = PBXGroup;
			children = (
				E265DFEE229CE00800842DD0 /* UIView+Size.h */,
				E265DFEF229CE00800842DD0 /* UIView+Size.m */,
			);
			path = View;
			sourceTree = "<group>";
		};
		E2802B4A229906B8004AF4B8 /* View */ = {
			isa = PBXGroup;
			children = (
				E2802B4B229906FB004AF4B8 /* ZLShopTurnoverView.h */,
				E2802B4C229906FB004AF4B8 /* ZLShopTurnoverView.m */,
				E2802B5422991597004AF4B8 /* ZLShopBusinessMenuCell.h */,
				E2802B5522991597004AF4B8 /* ZLShopBusinessMenuCell.m */,
				E2802B5722991CC7004AF4B8 /* ZLShopManagerNoteCell.h */,
				E2802B5822991CC7004AF4B8 /* ZLShopManagerNoteCell.m */,
				E2802B5A22992F53004AF4B8 /* ZLShopTopView.h */,
				E2802B5B22992F53004AF4B8 /* ZLShopTopView.m */,
				E2802B5D22993555004AF4B8 /* ZLShopListCell.h */,
				E2802B5E22993555004AF4B8 /* ZLShopListCell.m */,
				E265DFEA229BF70000842DD0 /* ZLShoppingCartView.h */,
				E265DFEB229BF70000842DD0 /* ZLShoppingCartView.m */,
				E265DFF1229CE1D500842DD0 /* ZLShoppingCartCell.h */,
				E265DFF2229CE1D500842DD0 /* ZLShoppingCartCell.m */,
				E265DFF4229CE80D00842DD0 /* ZLGoodsTypeSelectedView.h */,
				E265DFF5229CE80D00842DD0 /* ZLGoodsTypeSelectedView.m */,
				E265DFF7229CEA0600842DD0 /* ZLMakeOrderView.h */,
				E265DFF8229CEA0600842DD0 /* ZLMakeOrderView.m */,
				E265DFFD229D123A00842DD0 /* ZLGoodsBillView.h */,
				E265DFFE229D123A00842DD0 /* ZLGoodsBillView.m */,
				E265E003229D238F00842DD0 /* ZLGoodsBillCell.h */,
				E265E004229D238F00842DD0 /* ZLGoodsBillCell.m */,
				E265E006229D37AA00842DD0 /* ZLPaymentMethodCell.h */,
				E265E007229D37AA00842DD0 /* ZLPaymentMethodCell.m */,
				E265E00C229D4CF700842DD0 /* ZLPaymentMethodSectionHeaderView.h */,
				E265E00D229D4CF700842DD0 /* ZLPaymentMethodSectionHeaderView.m */,
				E265E00F229E4F4800842DD0 /* ZLOfflinePaymentView.h */,
				E265E010229E4F4800842DD0 /* ZLOfflinePaymentView.m */,
				E265E012229E514200842DD0 /* ZLPaymentAmountCell.h */,
				E265E013229E514200842DD0 /* ZLPaymentAmountCell.m */,
				E265E015229E519400842DD0 /* ZLZLPaymentNoteCell.h */,
				E265E016229E519400842DD0 /* ZLZLPaymentNoteCell.m */,
				E265E018229EA0F500842DD0 /* ZLShopGoodsSearchBarView.h */,
				E265E019229EA0F500842DD0 /* ZLShopGoodsSearchBarView.m */,
				E2223B34229EB59F00C8547C /* ZLOrderListCell.h */,
				E2223B35229EB59F00C8547C /* ZLOrderListCell.m */,
				E2223B37229FAD8D00C8547C /* ZLOrderManageView.h */,
				E2223B38229FAD8D00C8547C /* ZLOrderManageView.m */,
			);
			path = View;
			sourceTree = "<group>";
		};
		E832D70B229E521100D0ED7F /* AccountOfWithdraw */ = {
			isa = PBXGroup;
			children = (
				E832D70C229E521100D0ED7F /* ZLSetWechatVC.h */,
				E832D70E229E521100D0ED7F /* ZLSetWechatVC.m */,
				E832D70D229E521100D0ED7F /* ZLAddBankCardVC.h */,
				E832D70F229E521100D0ED7F /* ZLAddBankCardVC.m */,
			);
			path = AccountOfWithdraw;
			sourceTree = "<group>";
		};
		E832D718229E70EB00D0ED7F /* UIImage */ = {
			isa = PBXGroup;
			children = (
				E832D719229E715100D0ED7F /* UIImage+ZL.h */,
				E832D71A229E715100D0ED7F /* UIImage+ZL.m */,
			);
			path = UIImage;
			sourceTree = "<group>";
		};
/* End PBXGroup section */

/* Begin PBXNativeTarget section */
		7A0097A12294F97F00AD79DE /* ZLead */ = {
			isa = PBXNativeTarget;
			buildConfigurationList = 7A0097CE2294F98100AD79DE /* Build configuration list for PBXNativeTarget "ZLead" */;
			buildPhases = (
				B62A8279FE9ACCB0DB609889 /* [CP] Check Pods Manifest.lock */,
				7A00979E2294F97F00AD79DE /* Sources */,
				7A00979F2294F97F00AD79DE /* Frameworks */,
				7A0097A02294F97F00AD79DE /* Resources */,
				8D5F39F7EA62A93A5436AA38 /* [CP] Copy Pods Resources */,
			);
			buildRules = (
			);
			dependencies = (
			);
			name = ZLead;
			productName = ZLead;
			productReference = 7A0097A22294F97F00AD79DE /* ZLead.app */;
			productType = "com.apple.product-type.application";
		};
		7A0097B92294F98100AD79DE /* ZLeadTests */ = {
			isa = PBXNativeTarget;
			buildConfigurationList = 7A0097D12294F98100AD79DE /* Build configuration list for PBXNativeTarget "ZLeadTests" */;
			buildPhases = (
				7A0097B62294F98100AD79DE /* Sources */,
				7A0097B72294F98100AD79DE /* Frameworks */,
				7A0097B82294F98100AD79DE /* Resources */,
			);
			buildRules = (
			);
			dependencies = (
				7A0097BC2294F98100AD79DE /* PBXTargetDependency */,
			);
			name = ZLeadTests;
			productName = ZLeadTests;
			productReference = 7A0097BA2294F98100AD79DE /* ZLeadTests.xctest */;
			productType = "com.apple.product-type.bundle.unit-test";
		};
		7A0097C42294F98100AD79DE /* ZLeadUITests */ = {
			isa = PBXNativeTarget;
			buildConfigurationList = 7A0097D42294F98100AD79DE /* Build configuration list for PBXNativeTarget "ZLeadUITests" */;
			buildPhases = (
				7A0097C12294F98100AD79DE /* Sources */,
				7A0097C22294F98100AD79DE /* Frameworks */,
				7A0097C32294F98100AD79DE /* Resources */,
			);
			buildRules = (
			);
			dependencies = (
				7A0097C72294F98100AD79DE /* PBXTargetDependency */,
			);
			name = ZLeadUITests;
			productName = ZLeadUITests;
			productReference = 7A0097C52294F98100AD79DE /* ZLeadUITests.xctest */;
			productType = "com.apple.product-type.bundle.ui-testing";
		};
/* End PBXNativeTarget section */

/* Begin PBXProject section */
		7A00979A2294F97F00AD79DE /* Project object */ = {
			isa = PBXProject;
			attributes = {
				CLASSPREFIX = ZL;
				LastUpgradeCheck = 1010;
				ORGANIZATIONNAME = "Beijing tai chi HuaQing information systems co., LTD";
				TargetAttributes = {
					7A0097A12294F97F00AD79DE = {
						CreatedOnToolsVersion = 10.1;
					};
					7A0097B92294F98100AD79DE = {
						CreatedOnToolsVersion = 10.1;
						TestTargetID = 7A0097A12294F97F00AD79DE;
					};
					7A0097C42294F98100AD79DE = {
						CreatedOnToolsVersion = 10.1;
						TestTargetID = 7A0097A12294F97F00AD79DE;
					};
				};
			};
			buildConfigurationList = 7A00979D2294F97F00AD79DE /* Build configuration list for PBXProject "ZLead" */;
			compatibilityVersion = "Xcode 9.3";
			developmentRegion = en;
			hasScannedForEncodings = 0;
			knownRegions = (
				en,
				Base,
			);
			mainGroup = 7A0097992294F97F00AD79DE;
			productRefGroup = 7A0097A32294F97F00AD79DE /* Products */;
			projectDirPath = "";
			projectRoot = "";
			targets = (
				7A0097A12294F97F00AD79DE /* ZLead */,
				7A0097B92294F98100AD79DE /* ZLeadTests */,
				7A0097C42294F98100AD79DE /* ZLeadUITests */,
			);
		};
/* End PBXProject section */

/* Begin PBXResourcesBuildPhase section */
		7A0097A02294F97F00AD79DE /* Resources */ = {
			isa = PBXResourcesBuildPhase;
			buildActionMask = 2147483647;
			files = (
				7A0097B22294F98100AD79DE /* LaunchScreen.storyboard in Resources */,
				7A0097AF2294F98100AD79DE /* Assets.xcassets in Resources */,
				7A0097AD2294F97F00AD79DE /* Main.storyboard in Resources */,
			);
			runOnlyForDeploymentPostprocessing = 0;
		};
		7A0097B82294F98100AD79DE /* Resources */ = {
			isa = PBXResourcesBuildPhase;
			buildActionMask = 2147483647;
			files = (
			);
			runOnlyForDeploymentPostprocessing = 0;
		};
		7A0097C32294F98100AD79DE /* Resources */ = {
			isa = PBXResourcesBuildPhase;
			buildActionMask = 2147483647;
			files = (
			);
			runOnlyForDeploymentPostprocessing = 0;
		};
/* End PBXResourcesBuildPhase section */

/* Begin PBXShellScriptBuildPhase section */
		8D5F39F7EA62A93A5436AA38 /* [CP] Copy Pods Resources */ = {
			isa = PBXShellScriptBuildPhase;
			buildActionMask = 2147483647;
			files = (
			);
			inputPaths = (
				"${PODS_ROOT}/Target Support Files/Pods-ZLead/Pods-ZLead-resources.sh",
				"${PODS_ROOT}/MJRefresh/MJRefresh/MJRefresh.bundle",
				"${PODS_ROOT}/SVProgressHUD/SVProgressHUD/SVProgressHUD.bundle",
			);
			name = "[CP] Copy Pods Resources";
			outputPaths = (
				"${TARGET_BUILD_DIR}/${UNLOCALIZED_RESOURCES_FOLDER_PATH}/MJRefresh.bundle",
				"${TARGET_BUILD_DIR}/${UNLOCALIZED_RESOURCES_FOLDER_PATH}/SVProgressHUD.bundle",
			);
			runOnlyForDeploymentPostprocessing = 0;
			shellPath = /bin/sh;
			shellScript = "\"${PODS_ROOT}/Target Support Files/Pods-ZLead/Pods-ZLead-resources.sh\"\n";
			showEnvVarsInLog = 0;
		};
		B62A8279FE9ACCB0DB609889 /* [CP] Check Pods Manifest.lock */ = {
			isa = PBXShellScriptBuildPhase;
			buildActionMask = 2147483647;
			files = (
			);
			inputPaths = (
				"${PODS_PODFILE_DIR_PATH}/Podfile.lock",
				"${PODS_ROOT}/Manifest.lock",
			);
			name = "[CP] Check Pods Manifest.lock";
			outputPaths = (
				"$(DERIVED_FILE_DIR)/Pods-ZLead-checkManifestLockResult.txt",
			);
			runOnlyForDeploymentPostprocessing = 0;
			shellPath = /bin/sh;
			shellScript = "diff \"${PODS_PODFILE_DIR_PATH}/Podfile.lock\" \"${PODS_ROOT}/Manifest.lock\" > /dev/null\nif [ $? != 0 ] ; then\n    # print error to STDERR\n    echo \"error: The sandbox is not in sync with the Podfile.lock. Run 'pod install' or update your CocoaPods installation.\" >&2\n    exit 1\nfi\n# This output is used by Xcode 'outputs' to avoid re-running this script phase.\necho \"SUCCESS\" > \"${SCRIPT_OUTPUT_FILE_0}\"\n";
			showEnvVarsInLog = 0;
		};
/* End PBXShellScriptBuildPhase section */

/* Begin PBXSourcesBuildPhase section */
		7A00979E2294F97F00AD79DE /* Sources */ = {
			isa = PBXSourcesBuildPhase;
			buildActionMask = 2147483647;
			files = (
				E832D711229E521100D0ED7F /* ZLAddBankCardVC.m in Sources */,
				E265E005229D238F00842DD0 /* ZLGoodsBillCell.m in Sources */,
				E265E017229E519400842DD0 /* ZLZLPaymentNoteCell.m in Sources */,
				7A0097FA229524AD00AD79DE /* ZLDataVC.m in Sources */,
				7A00980622952EAD00AD79DE /* ZLTabBarViewController.m in Sources */,
				7A0097FD2295268000AD79DE /* ZLPersonalVC.m in Sources */,
				E265E014229E514200842DD0 /* ZLPaymentAmountCell.m in Sources */,
				E832D6FA229E51CD00D0ED7F /* ZLPerShareView.m in Sources */,
				E2802B4D229906FB004AF4B8 /* ZLShopTurnoverView.m in Sources */,
				E832D756229FBA3E00D0ED7F /* ZLGoodsListCell.m in Sources */,
				7A9D684C229689D80024DF3A /* GeneralTableViewDelegate.m in Sources */,
				E265E011229E4F4800842DD0 /* ZLOfflinePaymentView.m in Sources */,
				E2802B5922991CC7004AF4B8 /* ZLShopManagerNoteCell.m in Sources */,
				E832D71B229E715100D0ED7F /* UIImage+ZL.m in Sources */,
				E265E00E229D4CF700842DD0 /* ZLPaymentMethodSectionHeaderView.m in Sources */,
				E832D6FC229E51CD00D0ED7F /* ZLPerButtonView.m in Sources */,
				E265DFFF229D123A00842DD0 /* ZLGoodsBillView.m in Sources */,
				7A9D684E229689D80024DF3A /* GeneralTableView.m in Sources */,
				E265DFFC229D121A00842DD0 /* ZLGoodsBillVC.m in Sources */,
				7A0097B52294F98100AD79DE /* main.m in Sources */,
				E2223B40229FC57C00C8547C /* ZLScrollContentView.m in Sources */,
				E832D707229E51EC00D0ED7F /* ZLPerWithdrawVC.m in Sources */,
				7A0097DC22951E1700AD79DE /* ZLBaseViewController.m in Sources */,
				E2802B532299154D004AF4B8 /* ZLBaseCell.m in Sources */,
				7A9D683022967BB80024DF3A /* ZLShopVC.m in Sources */,
				7A9D683322967BDC0024DF3A /* ZLGoodsVC.m in Sources */,
				7AC903BE229D425C0036AD68 /* ZLSetPasswordVC.m in Sources */,
				E2802B5622991597004AF4B8 /* ZLShopBusinessMenuCell.m in Sources */,
				E832D708229E51EC00D0ED7F /* ZLPerAccountVC.m in Sources */,
				E265DFE2229B901900842DD0 /* ZLShopManagerNoteVC.m in Sources */,
				7A9D683B229683000024DF3A /* RemindView.m in Sources */,
				E2802B5C22992F53004AF4B8 /* ZLShopTopView.m in Sources */,
				E832D710229E521100D0ED7F /* ZLSetWechatVC.m in Sources */,
				E2802B6222993CA7004AF4B8 /* ZLShopListVC.m in Sources */,
				E265E008229D37AA00842DD0 /* ZLPaymentMethodCell.m in Sources */,
				E265DFDF229B8EBD00842DD0 /* ZLOfflinePaymentVC.m in Sources */,
				7A9D68512296983B0024DF3A /* ZLLoginView.m in Sources */,
				E265DFE9229B955200842DD0 /* UIView+Addition.m in Sources */,
				E832D759229FC99D00D0ED7F /* ZLGoodsSearchVC.m in Sources */,
				E2223B3F229FC57C00C8547C /* ZLSegmentTitleView.m in Sources */,
				7AFD07E9229E7F040093091C /* NSDictionary+Function.m in Sources */,
				E832D6FB229E51CD00D0ED7F /* ZLPerHeaderView.m in Sources */,
				7A9D6854229699BB0024DF3A /* ZLLoginViewModel.m in Sources */,
				E265DFDC229B8E8A00842DD0 /* ZLMakeOrderVC.m in Sources */,
				E265DFE6229B953300842DD0 /* ZLMarqueeView.m in Sources */,
				7AC903BB229D1F830036AD68 /* NSString+Function.m in Sources */,
				E2223B36229EB59F00C8547C /* ZLOrderListCell.m in Sources */,
				E265E002229D16C200842DD0 /* ZLShopGoodsModel.m in Sources */,
				7A488A652298E3B300069483 /* CustomTextField.m in Sources */,
				E2223B43229FC66600C8547C /* ZLOrderListVC.m in Sources */,
				7A9D682D229679AE0024DF3A /* NetManager.m in Sources */,
				E2223B39229FAD8D00C8547C /* ZLOrderManageView.m in Sources */,
				E832D717229E6FB300D0ED7F /* ZLMsgCenterVC.m in Sources */,
				7A9D68582296A0680024DF3A /* UIColor+Func.m in Sources */,
				E265DFF9229CEA0600842DD0 /* ZLMakeOrderView.m in Sources */,
				7A0098032295270B00AD79DE /* ZLNavigationController.m in Sources */,
				7A00980E22955C2400AD79DE /* ZLTabBarController.m in Sources */,
				7A9D684D229689D80024DF3A /* ZLEmptyDataView.m in Sources */,
				E832D753229FB30900D0ED7F /* ZLGoodsHeaderView.m in Sources */,
				7A00980B22955ACB00AD79DE /* ZLConfig.m in Sources */,
				7AFD07EC229EA0F90093091C /* ZLAddShopInfoVC.m in Sources */,
				E265DFF0229CE00800842DD0 /* UIView+Size.m in Sources */,
				E832D6F9229E51CD00D0ED7F /* ZLPerListView.m in Sources */,
				7A9D683E229683DE0024DF3A /* NSObject+HUD.m in Sources */,
				E265DFF3229CE1D500842DD0 /* ZLShoppingCartCell.m in Sources */,
				7AFD07E6229E7ACC0093091C /* ZLLoginNetManager.m in Sources */,
				E265DFF6229CE80D00842DD0 /* ZLGoodsTypeSelectedView.m in Sources */,
				E265DFEC229BF70000842DD0 /* ZLShoppingCartView.m in Sources */,
				7A9D682A2296680F0024DF3A /* URLManager.m in Sources */,
				7A9D6841229688040024DF3A /* ZLLoginVC.m in Sources */,
				E265E01A229EA0F500842DD0 /* ZLShopGoodsSearchBarView.m in Sources */,
				7A0097A72294F97F00AD79DE /* AppDelegate.m in Sources */,
				E2802B5F22993555004AF4B8 /* ZLShopListCell.m in Sources */,
				7A488A6B2298F49800069483 /* ZLInputView.m in Sources */,
				E832D709229E51EC00D0ED7F /* ZLAddStoreVC.m in Sources */,
				E265DFD9229B8DAC00842DD0 /* ZLOrderManageVC.m in Sources */,
				E832D70A229E51EC00D0ED7F /* ZLPerAccountOfWithdrawVC.m in Sources */,
				7AB6D8B5229F768500AFDCF0 /* ZLAddInfoView.m in Sources */,
			);
			runOnlyForDeploymentPostprocessing = 0;
		};
		7A0097B62294F98100AD79DE /* Sources */ = {
			isa = PBXSourcesBuildPhase;
			buildActionMask = 2147483647;
			files = (
				7A0097BF2294F98100AD79DE /* ZLeadTests.m in Sources */,
			);
			runOnlyForDeploymentPostprocessing = 0;
		};
		7A0097C12294F98100AD79DE /* Sources */ = {
			isa = PBXSourcesBuildPhase;
			buildActionMask = 2147483647;
			files = (
				7A0097CA2294F98100AD79DE /* ZLeadUITests.m in Sources */,
			);
			runOnlyForDeploymentPostprocessing = 0;
		};
/* End PBXSourcesBuildPhase section */

/* Begin PBXTargetDependency section */
		7A0097BC2294F98100AD79DE /* PBXTargetDependency */ = {
			isa = PBXTargetDependency;
			target = 7A0097A12294F97F00AD79DE /* ZLead */;
			targetProxy = 7A0097BB2294F98100AD79DE /* PBXContainerItemProxy */;
		};
		7A0097C72294F98100AD79DE /* PBXTargetDependency */ = {
			isa = PBXTargetDependency;
			target = 7A0097A12294F97F00AD79DE /* ZLead */;
			targetProxy = 7A0097C62294F98100AD79DE /* PBXContainerItemProxy */;
		};
/* End PBXTargetDependency section */

/* Begin PBXVariantGroup section */
		7A0097AB2294F97F00AD79DE /* Main.storyboard */ = {
			isa = PBXVariantGroup;
			children = (
				7A0097AC2294F97F00AD79DE /* Base */,
			);
			name = Main.storyboard;
			sourceTree = "<group>";
		};
		7A0097B02294F98100AD79DE /* LaunchScreen.storyboard */ = {
			isa = PBXVariantGroup;
			children = (
				7A0097B12294F98100AD79DE /* Base */,
			);
			name = LaunchScreen.storyboard;
			sourceTree = "<group>";
		};
/* End PBXVariantGroup section */

/* Begin XCBuildConfiguration section */
		7A0097CC2294F98100AD79DE /* Debug */ = {
			isa = XCBuildConfiguration;
			buildSettings = {
				ALWAYS_SEARCH_USER_PATHS = NO;
				CLANG_ANALYZER_NONNULL = YES;
				CLANG_ANALYZER_NUMBER_OBJECT_CONVERSION = YES_AGGRESSIVE;
				CLANG_CXX_LANGUAGE_STANDARD = "gnu++14";
				CLANG_CXX_LIBRARY = "libc++";
				CLANG_ENABLE_MODULES = YES;
				CLANG_ENABLE_OBJC_ARC = YES;
				CLANG_ENABLE_OBJC_WEAK = YES;
				CLANG_WARN_BLOCK_CAPTURE_AUTORELEASING = YES;
				CLANG_WARN_BOOL_CONVERSION = YES;
				CLANG_WARN_COMMA = YES;
				CLANG_WARN_CONSTANT_CONVERSION = YES;
				CLANG_WARN_DEPRECATED_OBJC_IMPLEMENTATIONS = YES;
				CLANG_WARN_DIRECT_OBJC_ISA_USAGE = YES_ERROR;
				CLANG_WARN_DOCUMENTATION_COMMENTS = YES;
				CLANG_WARN_EMPTY_BODY = YES;
				CLANG_WARN_ENUM_CONVERSION = YES;
				CLANG_WARN_INFINITE_RECURSION = YES;
				CLANG_WARN_INT_CONVERSION = YES;
				CLANG_WARN_NON_LITERAL_NULL_CONVERSION = YES;
				CLANG_WARN_OBJC_IMPLICIT_RETAIN_SELF = YES;
				CLANG_WARN_OBJC_LITERAL_CONVERSION = YES;
				CLANG_WARN_OBJC_ROOT_CLASS = YES_ERROR;
				CLANG_WARN_RANGE_LOOP_ANALYSIS = YES;
				CLANG_WARN_STRICT_PROTOTYPES = YES;
				CLANG_WARN_SUSPICIOUS_MOVE = YES;
				CLANG_WARN_UNGUARDED_AVAILABILITY = YES_AGGRESSIVE;
				CLANG_WARN_UNREACHABLE_CODE = YES;
				CLANG_WARN__DUPLICATE_METHOD_MATCH = YES;
				CODE_SIGN_IDENTITY = "iPhone Developer";
				COPY_PHASE_STRIP = NO;
				DEBUG_INFORMATION_FORMAT = dwarf;
				ENABLE_STRICT_OBJC_MSGSEND = YES;
				ENABLE_TESTABILITY = YES;
				GCC_C_LANGUAGE_STANDARD = gnu11;
				GCC_DYNAMIC_NO_PIC = NO;
				GCC_NO_COMMON_BLOCKS = YES;
				GCC_OPTIMIZATION_LEVEL = 0;
				GCC_PREPROCESSOR_DEFINITIONS = (
					"DEBUG=1",
					"$(inherited)",
				);
				GCC_WARN_64_TO_32_BIT_CONVERSION = YES;
				GCC_WARN_ABOUT_RETURN_TYPE = YES_ERROR;
				GCC_WARN_UNDECLARED_SELECTOR = YES;
				GCC_WARN_UNINITIALIZED_AUTOS = YES_AGGRESSIVE;
				GCC_WARN_UNUSED_FUNCTION = YES;
				GCC_WARN_UNUSED_VARIABLE = YES;
				IPHONEOS_DEPLOYMENT_TARGET = 12.1;
				MTL_ENABLE_DEBUG_INFO = INCLUDE_SOURCE;
				MTL_FAST_MATH = YES;
				ONLY_ACTIVE_ARCH = YES;
				SDKROOT = iphoneos;
			};
			name = Debug;
		};
		7A0097CD2294F98100AD79DE /* Release */ = {
			isa = XCBuildConfiguration;
			buildSettings = {
				ALWAYS_SEARCH_USER_PATHS = NO;
				CLANG_ANALYZER_NONNULL = YES;
				CLANG_ANALYZER_NUMBER_OBJECT_CONVERSION = YES_AGGRESSIVE;
				CLANG_CXX_LANGUAGE_STANDARD = "gnu++14";
				CLANG_CXX_LIBRARY = "libc++";
				CLANG_ENABLE_MODULES = YES;
				CLANG_ENABLE_OBJC_ARC = YES;
				CLANG_ENABLE_OBJC_WEAK = YES;
				CLANG_WARN_BLOCK_CAPTURE_AUTORELEASING = YES;
				CLANG_WARN_BOOL_CONVERSION = YES;
				CLANG_WARN_COMMA = YES;
				CLANG_WARN_CONSTANT_CONVERSION = YES;
				CLANG_WARN_DEPRECATED_OBJC_IMPLEMENTATIONS = YES;
				CLANG_WARN_DIRECT_OBJC_ISA_USAGE = YES_ERROR;
				CLANG_WARN_DOCUMENTATION_COMMENTS = YES;
				CLANG_WARN_EMPTY_BODY = YES;
				CLANG_WARN_ENUM_CONVERSION = YES;
				CLANG_WARN_INFINITE_RECURSION = YES;
				CLANG_WARN_INT_CONVERSION = YES;
				CLANG_WARN_NON_LITERAL_NULL_CONVERSION = YES;
				CLANG_WARN_OBJC_IMPLICIT_RETAIN_SELF = YES;
				CLANG_WARN_OBJC_LITERAL_CONVERSION = YES;
				CLANG_WARN_OBJC_ROOT_CLASS = YES_ERROR;
				CLANG_WARN_RANGE_LOOP_ANALYSIS = YES;
				CLANG_WARN_STRICT_PROTOTYPES = YES;
				CLANG_WARN_SUSPICIOUS_MOVE = YES;
				CLANG_WARN_UNGUARDED_AVAILABILITY = YES_AGGRESSIVE;
				CLANG_WARN_UNREACHABLE_CODE = YES;
				CLANG_WARN__DUPLICATE_METHOD_MATCH = YES;
				CODE_SIGN_IDENTITY = "iPhone Developer";
				COPY_PHASE_STRIP = NO;
				DEBUG_INFORMATION_FORMAT = "dwarf-with-dsym";
				ENABLE_NS_ASSERTIONS = NO;
				ENABLE_STRICT_OBJC_MSGSEND = YES;
				GCC_C_LANGUAGE_STANDARD = gnu11;
				GCC_NO_COMMON_BLOCKS = YES;
				GCC_WARN_64_TO_32_BIT_CONVERSION = YES;
				GCC_WARN_ABOUT_RETURN_TYPE = YES_ERROR;
				GCC_WARN_UNDECLARED_SELECTOR = YES;
				GCC_WARN_UNINITIALIZED_AUTOS = YES_AGGRESSIVE;
				GCC_WARN_UNUSED_FUNCTION = YES;
				GCC_WARN_UNUSED_VARIABLE = YES;
				IPHONEOS_DEPLOYMENT_TARGET = 12.1;
				MTL_ENABLE_DEBUG_INFO = NO;
				MTL_FAST_MATH = YES;
				SDKROOT = iphoneos;
				VALIDATE_PRODUCT = YES;
			};
			name = Release;
		};
		7A0097CF2294F98100AD79DE /* Debug */ = {
			isa = XCBuildConfiguration;
			baseConfigurationReference = 916EADC284FDEA9BE6978269 /* Pods-ZLead.debug.xcconfig */;
			buildSettings = {
				ASSETCATALOG_COMPILER_APPICON_NAME = AppIcon;
				CODE_SIGN_STYLE = Automatic;
				DEVELOPMENT_TEAM = 8XTX3D2Y7S;
				GCC_PRECOMPILE_PREFIX_HEADER = YES;
				GCC_PREFIX_HEADER = "$(SRCROOT)/ZLead/ZLeadPch.pch";
				INFOPLIST_FILE = ZLead/Info.plist;
				IPHONEOS_DEPLOYMENT_TARGET = 10.0;
				LD_RUNPATH_SEARCH_PATHS = (
					"$(inherited)",
					"@executable_path/Frameworks",
				);
				PRODUCT_BUNDLE_IDENTIFIER = com.zlead.zhilian;
				PRODUCT_NAME = "$(TARGET_NAME)";
				TARGETED_DEVICE_FAMILY = 1;
				USER_HEADER_SEARCH_PATHS = "$(PODS_ROOT)/**";
			};
			name = Debug;
		};
		7A0097D02294F98100AD79DE /* Release */ = {
			isa = XCBuildConfiguration;
			baseConfigurationReference = 6626CE871ED07547028D28E4 /* Pods-ZLead.release.xcconfig */;
			buildSettings = {
				ASSETCATALOG_COMPILER_APPICON_NAME = AppIcon;
				CODE_SIGN_STYLE = Automatic;
				DEVELOPMENT_TEAM = 8XTX3D2Y7S;
				GCC_PRECOMPILE_PREFIX_HEADER = YES;
				GCC_PREFIX_HEADER = "$(SRCROOT)/ZLead/ZLeadPch.pch";
				INFOPLIST_FILE = ZLead/Info.plist;
				IPHONEOS_DEPLOYMENT_TARGET = 10.0;
				LD_RUNPATH_SEARCH_PATHS = (
					"$(inherited)",
					"@executable_path/Frameworks",
				);
				PRODUCT_BUNDLE_IDENTIFIER = com.zlead.zhilian;
				PRODUCT_NAME = "$(TARGET_NAME)";
				TARGETED_DEVICE_FAMILY = 1;
				USER_HEADER_SEARCH_PATHS = "$(PODS_ROOT)/**";
			};
			name = Release;
		};
		7A0097D22294F98100AD79DE /* Debug */ = {
			isa = XCBuildConfiguration;
			buildSettings = {
				BUNDLE_LOADER = "$(TEST_HOST)";
				CODE_SIGN_STYLE = Automatic;
				DEVELOPMENT_TEAM = TVSTTC2NK6;
				INFOPLIST_FILE = ZLeadTests/Info.plist;
				LD_RUNPATH_SEARCH_PATHS = (
					"$(inherited)",
					"@executable_path/Frameworks",
					"@loader_path/Frameworks",
				);
				PRODUCT_BUNDLE_IDENTIFIER = com.tjhq.ZLeadTests;
				PRODUCT_NAME = "$(TARGET_NAME)";
				TARGETED_DEVICE_FAMILY = "1,2";
				TEST_HOST = "$(BUILT_PRODUCTS_DIR)/ZLead.app/ZLead";
			};
			name = Debug;
		};
		7A0097D32294F98100AD79DE /* Release */ = {
			isa = XCBuildConfiguration;
			buildSettings = {
				BUNDLE_LOADER = "$(TEST_HOST)";
				CODE_SIGN_STYLE = Automatic;
				DEVELOPMENT_TEAM = TVSTTC2NK6;
				INFOPLIST_FILE = ZLeadTests/Info.plist;
				LD_RUNPATH_SEARCH_PATHS = (
					"$(inherited)",
					"@executable_path/Frameworks",
					"@loader_path/Frameworks",
				);
				PRODUCT_BUNDLE_IDENTIFIER = com.tjhq.ZLeadTests;
				PRODUCT_NAME = "$(TARGET_NAME)";
				TARGETED_DEVICE_FAMILY = "1,2";
				TEST_HOST = "$(BUILT_PRODUCTS_DIR)/ZLead.app/ZLead";
			};
			name = Release;
		};
		7A0097D52294F98100AD79DE /* Debug */ = {
			isa = XCBuildConfiguration;
			buildSettings = {
				CODE_SIGN_STYLE = Automatic;
				DEVELOPMENT_TEAM = TVSTTC2NK6;
				INFOPLIST_FILE = ZLeadUITests/Info.plist;
				LD_RUNPATH_SEARCH_PATHS = (
					"$(inherited)",
					"@executable_path/Frameworks",
					"@loader_path/Frameworks",
				);
				PRODUCT_BUNDLE_IDENTIFIER = com.tjhq.ZLeadUITests;
				PRODUCT_NAME = "$(TARGET_NAME)";
				TARGETED_DEVICE_FAMILY = "1,2";
				TEST_TARGET_NAME = ZLead;
			};
			name = Debug;
		};
		7A0097D62294F98100AD79DE /* Release */ = {
			isa = XCBuildConfiguration;
			buildSettings = {
				CODE_SIGN_STYLE = Automatic;
				DEVELOPMENT_TEAM = TVSTTC2NK6;
				INFOPLIST_FILE = ZLeadUITests/Info.plist;
				LD_RUNPATH_SEARCH_PATHS = (
					"$(inherited)",
					"@executable_path/Frameworks",
					"@loader_path/Frameworks",
				);
				PRODUCT_BUNDLE_IDENTIFIER = com.tjhq.ZLeadUITests;
				PRODUCT_NAME = "$(TARGET_NAME)";
				TARGETED_DEVICE_FAMILY = "1,2";
				TEST_TARGET_NAME = ZLead;
			};
			name = Release;
		};
/* End XCBuildConfiguration section */

/* Begin XCConfigurationList section */
		7A00979D2294F97F00AD79DE /* Build configuration list for PBXProject "ZLead" */ = {
			isa = XCConfigurationList;
			buildConfigurations = (
				7A0097CC2294F98100AD79DE /* Debug */,
				7A0097CD2294F98100AD79DE /* Release */,
			);
			defaultConfigurationIsVisible = 0;
			defaultConfigurationName = Release;
		};
		7A0097CE2294F98100AD79DE /* Build configuration list for PBXNativeTarget "ZLead" */ = {
			isa = XCConfigurationList;
			buildConfigurations = (
				7A0097CF2294F98100AD79DE /* Debug */,
				7A0097D02294F98100AD79DE /* Release */,
			);
			defaultConfigurationIsVisible = 0;
			defaultConfigurationName = Release;
		};
		7A0097D12294F98100AD79DE /* Build configuration list for PBXNativeTarget "ZLeadTests" */ = {
			isa = XCConfigurationList;
			buildConfigurations = (
				7A0097D22294F98100AD79DE /* Debug */,
				7A0097D32294F98100AD79DE /* Release */,
			);
			defaultConfigurationIsVisible = 0;
			defaultConfigurationName = Release;
		};
		7A0097D42294F98100AD79DE /* Build configuration list for PBXNativeTarget "ZLeadUITests" */ = {
			isa = XCConfigurationList;
			buildConfigurations = (
				7A0097D52294F98100AD79DE /* Debug */,
				7A0097D62294F98100AD79DE /* Release */,
			);
			defaultConfigurationIsVisible = 0;
			defaultConfigurationName = Release;
		};
/* End XCConfigurationList section */
	};
	rootObject = 7A00979A2294F97F00AD79DE /* Project object */;
}
